// !$*UTF8*$!
{
	archiveVersion = 1;
	classes = {
	};
	objectVersion = 56;
	objects = {

/* Begin PBXBuildFile section */
		5E167EA22C85B8E6008864F6 /* AppDelegate.swift in Sources */ = {isa = PBXBuildFile; fileRef = 5E167EA12C85B8E6008864F6 /* AppDelegate.swift */; };
		5E167EA42C85B8E6008864F6 /* SceneDelegate.swift in Sources */ = {isa = PBXBuildFile; fileRef = 5E167EA32C85B8E6008864F6 /* SceneDelegate.swift */; };
		5E167EAB2C85B8E8008864F6 /* Assets.xcassets in Resources */ = {isa = PBXBuildFile; fileRef = 5E167EAA2C85B8E8008864F6 /* Assets.xcassets */; };
		5E167EB92C85B8E9008864F6 /* Allo_DoctorTests.swift in Sources */ = {isa = PBXBuildFile; fileRef = 5E167EB82C85B8E9008864F6 /* Allo_DoctorTests.swift */; };
		5E167EC32C85B8E9008864F6 /* Allo_DoctorUITests.swift in Sources */ = {isa = PBXBuildFile; fileRef = 5E167EC22C85B8E9008864F6 /* Allo_DoctorUITests.swift */; };
		5E167EC52C85B8E9008864F6 /* Allo_DoctorUITestsLaunchTests.swift in Sources */ = {isa = PBXBuildFile; fileRef = 5E167EC42C85B8E9008864F6 /* Allo_DoctorUITestsLaunchTests.swift */; };
		5E167ED72C85DC4F008864F6 /* LaunchScreenViewController.swift in Sources */ = {isa = PBXBuildFile; fileRef = 5E167ED52C85DC4F008864F6 /* LaunchScreenViewController.swift */; };
		5E167ED82C85DC4F008864F6 /* LaunchScreenViewController.xib in Resources */ = {isa = PBXBuildFile; fileRef = 5E167ED62C85DC4F008864F6 /* LaunchScreenViewController.xib */; };
		5E167EDB2C85EC87008864F6 /* LoadingLogo.swift in Sources */ = {isa = PBXBuildFile; fileRef = 5E167EDA2C85EC87008864F6 /* LoadingLogo.swift */; };
		5E167EDF2C85F53E008864F6 /* SelectlanguageViewController.swift in Sources */ = {isa = PBXBuildFile; fileRef = 5E167EDD2C85F53E008864F6 /* SelectlanguageViewController.swift */; };
		5E167EE02C85F53E008864F6 /* SelectlanguageViewController.xib in Resources */ = {isa = PBXBuildFile; fileRef = 5E167EDE2C85F53E008864F6 /* SelectlanguageViewController.xib */; };
		5E1FA0572C8C77A400F7314E /* UserDefaultProtocol.swift in Sources */ = {isa = PBXBuildFile; fileRef = 5E1FA0562C8C77A400F7314E /* UserDefaultProtocol.swift */; };
		5E1FA0592C8C77DF00F7314E /* UserDefaultsManager.swift in Sources */ = {isa = PBXBuildFile; fileRef = 5E1FA0582C8C77DF00F7314E /* UserDefaultsManager.swift */; };
		5E1FA0602C8D0CD700F7314E /* RegisterViewController.swift in Sources */ = {isa = PBXBuildFile; fileRef = 5E1FA05E2C8D0CD600F7314E /* RegisterViewController.swift */; };
		5E1FA0612C8D0CD700F7314E /* RegisterViewController.xib in Resources */ = {isa = PBXBuildFile; fileRef = 5E1FA05F2C8D0CD600F7314E /* RegisterViewController.xib */; };
		5E389AA12C8BBD03002FA5F0 /* UIView+Extentions.swift in Sources */ = {isa = PBXBuildFile; fileRef = 5E389AA02C8BBD02002FA5F0 /* UIView+Extentions.swift */; };
		5E389AA32C8BBF45002FA5F0 /* UITextField+Extentions.swift in Sources */ = {isa = PBXBuildFile; fileRef = 5E389AA22C8BBF45002FA5F0 /* UITextField+Extentions.swift */; };
		5E639B252C944A82004AD3AB /* UnderlinedButton.swift in Sources */ = {isa = PBXBuildFile; fileRef = 5E639B242C944A82004AD3AB /* UnderlinedButton.swift */; };
		5E639B272C9499DC004AD3AB /* UICollectionView+Extentions.swift in Sources */ = {isa = PBXBuildFile; fileRef = 5E639B262C9499DC004AD3AB /* UICollectionView+Extentions.swift */; };
		5E639B292C94F78C004AD3AB /* ServiceModel.swift in Sources */ = {isa = PBXBuildFile; fileRef = 5E639B282C94F78C004AD3AB /* ServiceModel.swift */; };
		5E639B2B2C950893004AD3AB /* APIClientProtocol.swift in Sources */ = {isa = PBXBuildFile; fileRef = 5E639B2A2C950892004AD3AB /* APIClientProtocol.swift */; };
		5E6A804C2C87CEFB007C14CE /* MainCoordinator.swift in Sources */ = {isa = PBXBuildFile; fileRef = 5E6A804B2C87CEFB007C14CE /* MainCoordinator.swift */; };
		5E6A80502C8848F1007C14CE /* Coordinator.swift in Sources */ = {isa = PBXBuildFile; fileRef = 5E6A804F2C8848F1007C14CE /* Coordinator.swift */; };
		5E6A80542C88506A007C14CE /* Router.swift in Sources */ = {isa = PBXBuildFile; fileRef = 5E6A80532C88506A007C14CE /* Router.swift */; };
		5E6A80572C88511C007C14CE /* NavigationRouter.swift in Sources */ = {isa = PBXBuildFile; fileRef = 5E6A80562C88511C007C14CE /* NavigationRouter.swift */; };
		5E6A805B2C886420007C14CE /* UIViewController+Extentions.swift in Sources */ = {isa = PBXBuildFile; fileRef = 5E6A805A2C886420007C14CE /* UIViewController+Extentions.swift */; };
		5E6A805E2C887997007C14CE /* Custombutton.swift in Sources */ = {isa = PBXBuildFile; fileRef = 5E6A805D2C887997007C14CE /* Custombutton.swift */; };
		5E6A80612C8879F3007C14CE /* Constants.swift in Sources */ = {isa = PBXBuildFile; fileRef = 5E6A80602C8879F3007C14CE /* Constants.swift */; };
		5E6A80642C88849F007C14CE /* UIColor+Extention.swift in Sources */ = {isa = PBXBuildFile; fileRef = 5E6A80632C88849F007C14CE /* UIColor+Extention.swift */; };
		5E6A80682C88A0C9007C14CE /* OnBoardingScreensViewController.swift in Sources */ = {isa = PBXBuildFile; fileRef = 5E6A80662C88A0C9007C14CE /* OnBoardingScreensViewController.swift */; };
		5E6A80692C88A0C9007C14CE /* OnBoardingScreensViewController.xib in Resources */ = {isa = PBXBuildFile; fileRef = 5E6A80672C88A0C9007C14CE /* OnBoardingScreensViewController.xib */; };
		5E6A806C2C8A436B007C14CE /* CustomPageController.swift in Sources */ = {isa = PBXBuildFile; fileRef = 5E6A806B2C8A436B007C14CE /* CustomPageController.swift */; };
		5E6AFB082C9A5BE100252EA9 /* Reachability in Frameworks */ = {isa = PBXBuildFile; productRef = 5E6AFB072C9A5BE100252EA9 /* Reachability */; };
		5E6BC04D2C96A5AD009BACEC /* UIImageView+Extentions.swift in Sources */ = {isa = PBXBuildFile; fileRef = 5E6BC04C2C96A5AD009BACEC /* UIImageView+Extentions.swift */; };
		5E6BC04F2C96B21F009BACEC /* CustomSearchBar.swift in Sources */ = {isa = PBXBuildFile; fileRef = 5E6BC04E2C96B21F009BACEC /* CustomSearchBar.swift */; };
		5E6BC0522C96B24A009BACEC /* CustomSearchBar.xib in Resources */ = {isa = PBXBuildFile; fileRef = 5E6BC0512C96B24A009BACEC /* CustomSearchBar.xib */; };
		5E6BC0582C97A21A009BACEC /* SubServiceViewModel.swift in Sources */ = {isa = PBXBuildFile; fileRef = 5E6BC0572C97A21A009BACEC /* SubServiceViewModel.swift */; };
		5E6BC05C2C97A712009BACEC /* SubServiceCollectionViewCell.swift in Sources */ = {isa = PBXBuildFile; fileRef = 5E6BC05A2C97A712009BACEC /* SubServiceCollectionViewCell.swift */; };
		5E6BC05D2C97A712009BACEC /* SubServiceCollectionViewCell.xib in Resources */ = {isa = PBXBuildFile; fileRef = 5E6BC05B2C97A712009BACEC /* SubServiceCollectionViewCell.xib */; };
		5E7260B92C9067F200A0F2C7 /* APIClient.swift in Sources */ = {isa = PBXBuildFile; fileRef = 5E7260B82C9067F100A0F2C7 /* APIClient.swift */; };
		5E7260D42C90934B00A0F2C7 /* Cairo-Black.ttf in Resources */ = {isa = PBXBuildFile; fileRef = 5E7260C72C90934A00A0F2C7 /* Cairo-Black.ttf */; };
		5E7260D52C90934B00A0F2C7 /* Cairo-Bold.ttf in Resources */ = {isa = PBXBuildFile; fileRef = 5E7260C82C90934A00A0F2C7 /* Cairo-Bold.ttf */; };
		5E7260D62C90934B00A0F2C7 /* Cairo-ExtraBold.ttf in Resources */ = {isa = PBXBuildFile; fileRef = 5E7260C92C90934A00A0F2C7 /* Cairo-ExtraBold.ttf */; };
		5E7260D72C90934B00A0F2C7 /* Cairo-ExtraLight.ttf in Resources */ = {isa = PBXBuildFile; fileRef = 5E7260CA2C90934A00A0F2C7 /* Cairo-ExtraLight.ttf */; };
		5E7260D82C90934B00A0F2C7 /* Cairo-Light.ttf in Resources */ = {isa = PBXBuildFile; fileRef = 5E7260CB2C90934A00A0F2C7 /* Cairo-Light.ttf */; };
		5E7260D92C90934B00A0F2C7 /* Cairo-Medium.ttf in Resources */ = {isa = PBXBuildFile; fileRef = 5E7260CC2C90934A00A0F2C7 /* Cairo-Medium.ttf */; };
		5E7260DA2C90934B00A0F2C7 /* Cairo-Regular.ttf in Resources */ = {isa = PBXBuildFile; fileRef = 5E7260CD2C90934A00A0F2C7 /* Cairo-Regular.ttf */; };
		5E7260DC2C90934B00A0F2C7 /* Cairo-VariableFont_slnt,wght.ttf in Resources */ = {isa = PBXBuildFile; fileRef = 5E7260D02C90934A00A0F2C7 /* Cairo-VariableFont_slnt,wght.ttf */; };
		5E7260DD2C90934B00A0F2C7 /* OFL.txt in Resources */ = {isa = PBXBuildFile; fileRef = 5E7260D12C90934A00A0F2C7 /* OFL.txt */; };
		5E7260DE2C90934B00A0F2C7 /* README.txt in Resources */ = {isa = PBXBuildFile; fileRef = 5E7260D22C90934A00A0F2C7 /* README.txt */; };
		5E7260E02C9095EC00A0F2C7 /* Cairolabels.swift in Sources */ = {isa = PBXBuildFile; fileRef = 5E7260DF2C9095EC00A0F2C7 /* Cairolabels.swift */; };
		5E7ABEA22C90E2E9007A0BA1 /* BaseViewController.swift in Sources */ = {isa = PBXBuildFile; fileRef = 5E7ABEA12C90E2E9007A0BA1 /* BaseViewController.swift */; };
		5E7ABEA42C90E3F9007A0BA1 /* RegisterViewModel.swift in Sources */ = {isa = PBXBuildFile; fileRef = 5E7ABEA32C90E3F9007A0BA1 /* RegisterViewModel.swift */; };
		5E7ABEA62C90E570007A0BA1 /* ApiRouter.swift in Sources */ = {isa = PBXBuildFile; fileRef = 5E7ABEA52C90E570007A0BA1 /* ApiRouter.swift */; };
		5E7ABEA92C90EB25007A0BA1 /* RegisterModel.swift in Sources */ = {isa = PBXBuildFile; fileRef = 5E7ABEA82C90EB25007A0BA1 /* RegisterModel.swift */; };
		5E7ABEAB2C90ED98007A0BA1 /* Encodable+Extentions.swift in Sources */ = {isa = PBXBuildFile; fileRef = 5E7ABEAA2C90ED98007A0BA1 /* Encodable+Extentions.swift */; };
		5E7ABEB52C90F3F1007A0BA1 /* UIButton+Publisher.swift in Sources */ = {isa = PBXBuildFile; fileRef = 5E7ABEAD2C90F3F1007A0BA1 /* UIButton+Publisher.swift */; };
		5E7ABEB62C90F3F1007A0BA1 /* UIControl+Publisher.swift in Sources */ = {isa = PBXBuildFile; fileRef = 5E7ABEAE2C90F3F1007A0BA1 /* UIControl+Publisher.swift */; };
		5E7ABEB72C90F3F1007A0BA1 /* UIKeyboard publisher.swift in Sources */ = {isa = PBXBuildFile; fileRef = 5E7ABEAF2C90F3F1007A0BA1 /* UIKeyboard publisher.swift */; };
		5E7ABEB82C90F3F1007A0BA1 /* UIScrollView+Publisher.swift in Sources */ = {isa = PBXBuildFile; fileRef = 5E7ABEB02C90F3F1007A0BA1 /* UIScrollView+Publisher.swift */; };
		5E7ABEB92C90F3F1007A0BA1 /* UISlider+Publisher.swift in Sources */ = {isa = PBXBuildFile; fileRef = 5E7ABEB12C90F3F1007A0BA1 /* UISlider+Publisher.swift */; };
		5E7ABEBA2C90F3F1007A0BA1 /* UISwitch+Publisher.swift in Sources */ = {isa = PBXBuildFile; fileRef = 5E7ABEB22C90F3F1007A0BA1 /* UISwitch+Publisher.swift */; };
		5E7ABEBB2C90F3F1007A0BA1 /* UITextField+Publisher.swift in Sources */ = {isa = PBXBuildFile; fileRef = 5E7ABEB32C90F3F1007A0BA1 /* UITextField+Publisher.swift */; };
		5E7ABEBD2C9106E8007A0BA1 /* ApiConstants.swift in Sources */ = {isa = PBXBuildFile; fileRef = 5E7ABEBC2C9106E8007A0BA1 /* ApiConstants.swift */; };
		5E7ABEC12C910B46007A0BA1 /* APIParameters.swift in Sources */ = {isa = PBXBuildFile; fileRef = 5E7ABEC02C910B46007A0BA1 /* APIParameters.swift */; };
		5E7ABEC72C91CB79007A0BA1 /* HomeViewController.xib in Resources */ = {isa = PBXBuildFile; fileRef = 5E7ABEC62C91CB79007A0BA1 /* HomeViewController.xib */; };
		5E7ABEC82C91CB79007A0BA1 /* HomeViewController.swift in Sources */ = {isa = PBXBuildFile; fileRef = 5E7ABEC52C91CB79007A0BA1 /* HomeViewController.swift */; };
		5E7ABECD2C91CC08007A0BA1 /* HomeViewModel.swift in Sources */ = {isa = PBXBuildFile; fileRef = 5E7ABECC2C91CC08007A0BA1 /* HomeViewModel.swift */; };
		5E7F39782C9224AB00D7E24D /* TabBarController.swift in Sources */ = {isa = PBXBuildFile; fileRef = 5E7F39772C9224AB00D7E24D /* TabBarController.swift */; };
		5E7F397B2C9233BA00D7E24D /* AppCoordinator.swift in Sources */ = {isa = PBXBuildFile; fileRef = 5E7F397A2C9233BA00D7E24D /* AppCoordinator.swift */; };
		5E7F397E2C92345B00D7E24D /* HomeCoordinator.swift in Sources */ = {isa = PBXBuildFile; fileRef = 5E7F397D2C92345B00D7E24D /* HomeCoordinator.swift */; };
		5E7F39802C9235A800D7E24D /* TabViewModel.swift in Sources */ = {isa = PBXBuildFile; fileRef = 5E7F397F2C9235A800D7E24D /* TabViewModel.swift */; };
		5E7F39922C92432000D7E24D /* ServicesViewController.swift in Sources */ = {isa = PBXBuildFile; fileRef = 5E7F39902C92432000D7E24D /* ServicesViewController.swift */; };
		5E7F39932C92432000D7E24D /* ServicesViewController.xib in Resources */ = {isa = PBXBuildFile; fileRef = 5E7F39912C92432000D7E24D /* ServicesViewController.xib */; };
		5E7F39952C92433300D7E24D /* ServicesViewModel.swift in Sources */ = {isa = PBXBuildFile; fileRef = 5E7F39942C92433300D7E24D /* ServicesViewModel.swift */; };
		5E7F39982C9243D500D7E24D /* MyActivityViewController.swift in Sources */ = {isa = PBXBuildFile; fileRef = 5E7F39962C9243D500D7E24D /* MyActivityViewController.swift */; };
		5E7F39992C9243D500D7E24D /* MyActivityViewController.xib in Resources */ = {isa = PBXBuildFile; fileRef = 5E7F39972C9243D500D7E24D /* MyActivityViewController.xib */; };
		5E7F399B2C9243FE00D7E24D /* MyActivityViewModel.swift in Sources */ = {isa = PBXBuildFile; fileRef = 5E7F399A2C9243FE00D7E24D /* MyActivityViewModel.swift */; };
		5E7F399E2C92441800D7E24D /* OffersViewController.swift in Sources */ = {isa = PBXBuildFile; fileRef = 5E7F399C2C92441800D7E24D /* OffersViewController.swift */; };
		5E7F399F2C92441800D7E24D /* OffersViewController.xib in Resources */ = {isa = PBXBuildFile; fileRef = 5E7F399D2C92441800D7E24D /* OffersViewController.xib */; };
		5E7F39A12C92444200D7E24D /* OffersViewModel.swift in Sources */ = {isa = PBXBuildFile; fileRef = 5E7F39A02C92444200D7E24D /* OffersViewModel.swift */; };
		5E7F39A62C92452600D7E24D /* MyProfileViewController.swift in Sources */ = {isa = PBXBuildFile; fileRef = 5E7F39A42C92452600D7E24D /* MyProfileViewController.swift */; };
		5E7F39A72C92452600D7E24D /* MyProfileViewController.xib in Resources */ = {isa = PBXBuildFile; fileRef = 5E7F39A52C92452600D7E24D /* MyProfileViewController.xib */; };
		5E7F39A92C92456E00D7E24D /* MyProfileViewModel.swift in Sources */ = {isa = PBXBuildFile; fileRef = 5E7F39A82C92456E00D7E24D /* MyProfileViewModel.swift */; };
		5E7F39AF2C93521600D7E24D /* Cairo-SemiBold.ttf in Resources */ = {isa = PBXBuildFile; fileRef = 5E7F39AD2C9351C500D7E24D /* Cairo-SemiBold.ttf */; };
		5E7F39B02C93521700D7E24D /* Cairo-SemiBold.ttf in Resources */ = {isa = PBXBuildFile; fileRef = 5E7F39AD2C9351C500D7E24D /* Cairo-SemiBold.ttf */; };
		5E7F39B12C93521800D7E24D /* Cairo-SemiBold.ttf in Resources */ = {isa = PBXBuildFile; fileRef = 5E7F39AD2C9351C500D7E24D /* Cairo-SemiBold.ttf */; };
		5E8086542C99D8CB00E59471 /* SearchScreenReusableView.xib in Resources */ = {isa = PBXBuildFile; fileRef = 5E8086532C99D8CB00E59471 /* SearchScreenReusableView.xib */; };
		5E8086562C99F14900E59471 /* SearchScreenReusableView.swift in Sources */ = {isa = PBXBuildFile; fileRef = 5E8086552C99F14900E59471 /* SearchScreenReusableView.swift */; };
		5E87168E2C9A2516006E8E66 /* SearchView.xib in Resources */ = {isa = PBXBuildFile; fileRef = 5E87168D2C9A2516006E8E66 /* SearchView.xib */; };
		5E8716902C9A2CE1006E8E66 /* CustomDropDownList.swift in Sources */ = {isa = PBXBuildFile; fileRef = 5E87168F2C9A2CE1006E8E66 /* CustomDropDownList.swift */; };
		5EBC2D012C93CD7F00FC233F /* ServicesCollectionViewCell.swift in Sources */ = {isa = PBXBuildFile; fileRef = 5EBC2CFF2C93CD7F00FC233F /* ServicesCollectionViewCell.swift */; };
		5EBC2D022C93CD7F00FC233F /* ServicesCollectionViewCell.xib in Resources */ = {isa = PBXBuildFile; fileRef = 5EBC2D002C93CD7F00FC233F /* ServicesCollectionViewCell.xib */; };
		5EBC2D052C93CDB800FC233F /* OffersCollectionViewCell.swift in Sources */ = {isa = PBXBuildFile; fileRef = 5EBC2D032C93CDB800FC233F /* OffersCollectionViewCell.swift */; };
		5EBC2D062C93CDB800FC233F /* OffersCollectionViewCell.xib in Resources */ = {isa = PBXBuildFile; fileRef = 5EBC2D042C93CDB800FC233F /* OffersCollectionViewCell.xib */; };
		5EC18B722C8A780E0076FFB7 /* SliderBoardingImageCollectionViewCell.swift in Sources */ = {isa = PBXBuildFile; fileRef = 5EC18B702C8A780E0076FFB7 /* SliderBoardingImageCollectionViewCell.swift */; };
		5EC18B732C8A780E0076FFB7 /* SliderBoardingImageCollectionViewCell.xib in Resources */ = {isa = PBXBuildFile; fileRef = 5EC18B712C8A780E0076FFB7 /* SliderBoardingImageCollectionViewCell.xib */; };
		5EC18B792C8B9D790076FFB7 /* PhoneNumberViewController.swift in Sources */ = {isa = PBXBuildFile; fileRef = 5EC18B772C8B9D790076FFB7 /* PhoneNumberViewController.swift */; };
		5EC18B7A2C8B9D790076FFB7 /* PhoneNumberViewController.xib in Resources */ = {isa = PBXBuildFile; fileRef = 5EC18B782C8B9D790076FFB7 /* PhoneNumberViewController.xib */; };
		5EDD8F6C2C8D6F2A0046FE19 /* SelectGenderView.swift in Sources */ = {isa = PBXBuildFile; fileRef = 5EDD8F6B2C8D6F2A0046FE19 /* SelectGenderView.swift */; };
		5EDD8F6E2C8D6F4C0046FE19 /* RadioButton.swift in Sources */ = {isa = PBXBuildFile; fileRef = 5EDD8F6D2C8D6F4C0046FE19 /* RadioButton.swift */; };
		5EE831802C961ED000671BD7 /* loading.gif in Resources */ = {isa = PBXBuildFile; fileRef = 5EE8317F2C961ED000671BD7 /* loading.gif */; };
		5EE831832C961F3400671BD7 /* GifLoader.swift in Sources */ = {isa = PBXBuildFile; fileRef = 5EE831822C961F3400671BD7 /* GifLoader.swift */; };
		5EE831862C96461400671BD7 /* SubServiceModel.swift in Sources */ = {isa = PBXBuildFile; fileRef = 5EE831852C96461400671BD7 /* SubServiceModel.swift */; };
		5EE8318C2C9649DB00671BD7 /* SubServiceViewController.swift in Sources */ = {isa = PBXBuildFile; fileRef = 5EE8318A2C9649DB00671BD7 /* SubServiceViewController.swift */; };
		5EE8318D2C9649DB00671BD7 /* SubServiceViewController.xib in Resources */ = {isa = PBXBuildFile; fileRef = 5EE8318B2C9649DB00671BD7 /* SubServiceViewController.xib */; };
		5EE831942C9652F000671BD7 /* SearchViewController.swift in Sources */ = {isa = PBXBuildFile; fileRef = 5EE831922C9652EF00671BD7 /* SearchViewController.swift */; };
		5EE831952C9652F000671BD7 /* SearchViewController.xib in Resources */ = {isa = PBXBuildFile; fileRef = 5EE831932C9652EF00671BD7 /* SearchViewController.xib */; };
/* End PBXBuildFile section */

/* Begin PBXContainerItemProxy section */
		5E167EB52C85B8E9008864F6 /* PBXContainerItemProxy */ = {
			isa = PBXContainerItemProxy;
			containerPortal = 5E167E962C85B8E6008864F6 /* Project object */;
			proxyType = 1;
			remoteGlobalIDString = 5E167E9D2C85B8E6008864F6;
			remoteInfo = "Allo-Doctor";
		};
		5E167EBF2C85B8E9008864F6 /* PBXContainerItemProxy */ = {
			isa = PBXContainerItemProxy;
			containerPortal = 5E167E962C85B8E6008864F6 /* Project object */;
			proxyType = 1;
			remoteGlobalIDString = 5E167E9D2C85B8E6008864F6;
			remoteInfo = "Allo-Doctor";
		};
/* End PBXContainerItemProxy section */

/* Begin PBXFileReference section */
		5E167E9E2C85B8E6008864F6 /* Allo-Doctor.app */ = {isa = PBXFileReference; explicitFileType = wrapper.application; includeInIndex = 0; path = "Allo-Doctor.app"; sourceTree = BUILT_PRODUCTS_DIR; };
		5E167EA12C85B8E6008864F6 /* AppDelegate.swift */ = {isa = PBXFileReference; lastKnownFileType = sourcecode.swift; path = AppDelegate.swift; sourceTree = "<group>"; };
		5E167EA32C85B8E6008864F6 /* SceneDelegate.swift */ = {isa = PBXFileReference; lastKnownFileType = sourcecode.swift; path = SceneDelegate.swift; sourceTree = "<group>"; };
		5E167EAA2C85B8E8008864F6 /* Assets.xcassets */ = {isa = PBXFileReference; lastKnownFileType = folder.assetcatalog; path = Assets.xcassets; sourceTree = "<group>"; };
		5E167EAF2C85B8E8008864F6 /* Info.plist */ = {isa = PBXFileReference; lastKnownFileType = text.plist.xml; path = Info.plist; sourceTree = "<group>"; };
		5E167EB42C85B8E9008864F6 /* Allo-DoctorTests.xctest */ = {isa = PBXFileReference; explicitFileType = wrapper.cfbundle; includeInIndex = 0; path = "Allo-DoctorTests.xctest"; sourceTree = BUILT_PRODUCTS_DIR; };
		5E167EB82C85B8E9008864F6 /* Allo_DoctorTests.swift */ = {isa = PBXFileReference; lastKnownFileType = sourcecode.swift; path = Allo_DoctorTests.swift; sourceTree = "<group>"; };
		5E167EBE2C85B8E9008864F6 /* Allo-DoctorUITests.xctest */ = {isa = PBXFileReference; explicitFileType = wrapper.cfbundle; includeInIndex = 0; path = "Allo-DoctorUITests.xctest"; sourceTree = BUILT_PRODUCTS_DIR; };
		5E167EC22C85B8E9008864F6 /* Allo_DoctorUITests.swift */ = {isa = PBXFileReference; lastKnownFileType = sourcecode.swift; path = Allo_DoctorUITests.swift; sourceTree = "<group>"; };
		5E167EC42C85B8E9008864F6 /* Allo_DoctorUITestsLaunchTests.swift */ = {isa = PBXFileReference; lastKnownFileType = sourcecode.swift; path = Allo_DoctorUITestsLaunchTests.swift; sourceTree = "<group>"; };
		5E167ED52C85DC4F008864F6 /* LaunchScreenViewController.swift */ = {isa = PBXFileReference; lastKnownFileType = sourcecode.swift; path = LaunchScreenViewController.swift; sourceTree = "<group>"; };
		5E167ED62C85DC4F008864F6 /* LaunchScreenViewController.xib */ = {isa = PBXFileReference; lastKnownFileType = file.xib; path = LaunchScreenViewController.xib; sourceTree = "<group>"; };
		5E167EDA2C85EC87008864F6 /* LoadingLogo.swift */ = {isa = PBXFileReference; lastKnownFileType = sourcecode.swift; path = LoadingLogo.swift; sourceTree = "<group>"; };
		5E167EDD2C85F53E008864F6 /* SelectlanguageViewController.swift */ = {isa = PBXFileReference; lastKnownFileType = sourcecode.swift; path = SelectlanguageViewController.swift; sourceTree = "<group>"; };
		5E167EDE2C85F53E008864F6 /* SelectlanguageViewController.xib */ = {isa = PBXFileReference; lastKnownFileType = file.xib; path = SelectlanguageViewController.xib; sourceTree = "<group>"; };
		5E1FA0562C8C77A400F7314E /* UserDefaultProtocol.swift */ = {isa = PBXFileReference; lastKnownFileType = sourcecode.swift; path = UserDefaultProtocol.swift; sourceTree = "<group>"; };
		5E1FA0582C8C77DF00F7314E /* UserDefaultsManager.swift */ = {isa = PBXFileReference; lastKnownFileType = sourcecode.swift; path = UserDefaultsManager.swift; sourceTree = "<group>"; };
		5E1FA05E2C8D0CD600F7314E /* RegisterViewController.swift */ = {isa = PBXFileReference; lastKnownFileType = sourcecode.swift; path = RegisterViewController.swift; sourceTree = "<group>"; };
		5E1FA05F2C8D0CD600F7314E /* RegisterViewController.xib */ = {isa = PBXFileReference; lastKnownFileType = file.xib; path = RegisterViewController.xib; sourceTree = "<group>"; };
		5E389AA02C8BBD02002FA5F0 /* UIView+Extentions.swift */ = {isa = PBXFileReference; lastKnownFileType = sourcecode.swift; path = "UIView+Extentions.swift"; sourceTree = "<group>"; };
		5E389AA22C8BBF45002FA5F0 /* UITextField+Extentions.swift */ = {isa = PBXFileReference; lastKnownFileType = sourcecode.swift; path = "UITextField+Extentions.swift"; sourceTree = "<group>"; };
		5E639B242C944A82004AD3AB /* UnderlinedButton.swift */ = {isa = PBXFileReference; lastKnownFileType = sourcecode.swift; path = UnderlinedButton.swift; sourceTree = "<group>"; };
		5E639B262C9499DC004AD3AB /* UICollectionView+Extentions.swift */ = {isa = PBXFileReference; lastKnownFileType = sourcecode.swift; path = "UICollectionView+Extentions.swift"; sourceTree = "<group>"; };
		5E639B282C94F78C004AD3AB /* ServiceModel.swift */ = {isa = PBXFileReference; lastKnownFileType = sourcecode.swift; path = ServiceModel.swift; sourceTree = "<group>"; };
		5E639B2A2C950892004AD3AB /* APIClientProtocol.swift */ = {isa = PBXFileReference; lastKnownFileType = sourcecode.swift; path = APIClientProtocol.swift; sourceTree = "<group>"; };
		5E6A804B2C87CEFB007C14CE /* MainCoordinator.swift */ = {isa = PBXFileReference; lastKnownFileType = sourcecode.swift; path = MainCoordinator.swift; sourceTree = "<group>"; };
		5E6A804F2C8848F1007C14CE /* Coordinator.swift */ = {isa = PBXFileReference; lastKnownFileType = sourcecode.swift; path = Coordinator.swift; sourceTree = "<group>"; };
		5E6A80532C88506A007C14CE /* Router.swift */ = {isa = PBXFileReference; lastKnownFileType = sourcecode.swift; path = Router.swift; sourceTree = "<group>"; };
		5E6A80562C88511C007C14CE /* NavigationRouter.swift */ = {isa = PBXFileReference; lastKnownFileType = sourcecode.swift; path = NavigationRouter.swift; sourceTree = "<group>"; };
		5E6A805A2C886420007C14CE /* UIViewController+Extentions.swift */ = {isa = PBXFileReference; lastKnownFileType = sourcecode.swift; path = "UIViewController+Extentions.swift"; sourceTree = "<group>"; };
		5E6A805D2C887997007C14CE /* Custombutton.swift */ = {isa = PBXFileReference; lastKnownFileType = sourcecode.swift; path = Custombutton.swift; sourceTree = "<group>"; };
		5E6A80602C8879F3007C14CE /* Constants.swift */ = {isa = PBXFileReference; lastKnownFileType = sourcecode.swift; path = Constants.swift; sourceTree = "<group>"; };
		5E6A80632C88849F007C14CE /* UIColor+Extention.swift */ = {isa = PBXFileReference; lastKnownFileType = sourcecode.swift; path = "UIColor+Extention.swift"; sourceTree = "<group>"; };
		5E6A80662C88A0C9007C14CE /* OnBoardingScreensViewController.swift */ = {isa = PBXFileReference; lastKnownFileType = sourcecode.swift; path = OnBoardingScreensViewController.swift; sourceTree = "<group>"; };
		5E6A80672C88A0C9007C14CE /* OnBoardingScreensViewController.xib */ = {isa = PBXFileReference; lastKnownFileType = file.xib; path = OnBoardingScreensViewController.xib; sourceTree = "<group>"; };
		5E6A806B2C8A436B007C14CE /* CustomPageController.swift */ = {isa = PBXFileReference; lastKnownFileType = sourcecode.swift; path = CustomPageController.swift; sourceTree = "<group>"; };
		5E6BC04C2C96A5AD009BACEC /* UIImageView+Extentions.swift */ = {isa = PBXFileReference; lastKnownFileType = sourcecode.swift; path = "UIImageView+Extentions.swift"; sourceTree = "<group>"; };
		5E6BC04E2C96B21F009BACEC /* CustomSearchBar.swift */ = {isa = PBXFileReference; lastKnownFileType = sourcecode.swift; path = CustomSearchBar.swift; sourceTree = "<group>"; };
		5E6BC0512C96B24A009BACEC /* CustomSearchBar.xib */ = {isa = PBXFileReference; lastKnownFileType = file.xib; path = CustomSearchBar.xib; sourceTree = "<group>"; };
		5E6BC0572C97A21A009BACEC /* SubServiceViewModel.swift */ = {isa = PBXFileReference; lastKnownFileType = sourcecode.swift; path = SubServiceViewModel.swift; sourceTree = "<group>"; };
		5E6BC05A2C97A712009BACEC /* SubServiceCollectionViewCell.swift */ = {isa = PBXFileReference; lastKnownFileType = sourcecode.swift; path = SubServiceCollectionViewCell.swift; sourceTree = "<group>"; };
		5E6BC05B2C97A712009BACEC /* SubServiceCollectionViewCell.xib */ = {isa = PBXFileReference; lastKnownFileType = file.xib; path = SubServiceCollectionViewCell.xib; sourceTree = "<group>"; };
		5E7260B82C9067F100A0F2C7 /* APIClient.swift */ = {isa = PBXFileReference; lastKnownFileType = sourcecode.swift; path = APIClient.swift; sourceTree = "<group>"; };
		5E7260C72C90934A00A0F2C7 /* Cairo-Black.ttf */ = {isa = PBXFileReference; lastKnownFileType = file; path = "Cairo-Black.ttf"; sourceTree = "<group>"; };
		5E7260C82C90934A00A0F2C7 /* Cairo-Bold.ttf */ = {isa = PBXFileReference; lastKnownFileType = file; path = "Cairo-Bold.ttf"; sourceTree = "<group>"; };
		5E7260C92C90934A00A0F2C7 /* Cairo-ExtraBold.ttf */ = {isa = PBXFileReference; lastKnownFileType = file; path = "Cairo-ExtraBold.ttf"; sourceTree = "<group>"; };
		5E7260CA2C90934A00A0F2C7 /* Cairo-ExtraLight.ttf */ = {isa = PBXFileReference; lastKnownFileType = file; path = "Cairo-ExtraLight.ttf"; sourceTree = "<group>"; };
		5E7260CB2C90934A00A0F2C7 /* Cairo-Light.ttf */ = {isa = PBXFileReference; lastKnownFileType = file; path = "Cairo-Light.ttf"; sourceTree = "<group>"; };
		5E7260CC2C90934A00A0F2C7 /* Cairo-Medium.ttf */ = {isa = PBXFileReference; lastKnownFileType = file; path = "Cairo-Medium.ttf"; sourceTree = "<group>"; };
		5E7260CD2C90934A00A0F2C7 /* Cairo-Regular.ttf */ = {isa = PBXFileReference; lastKnownFileType = file; path = "Cairo-Regular.ttf"; sourceTree = "<group>"; };
		5E7260D02C90934A00A0F2C7 /* Cairo-VariableFont_slnt,wght.ttf */ = {isa = PBXFileReference; lastKnownFileType = file; path = "Cairo-VariableFont_slnt,wght.ttf"; sourceTree = "<group>"; };
		5E7260D12C90934A00A0F2C7 /* OFL.txt */ = {isa = PBXFileReference; fileEncoding = 4; lastKnownFileType = text; path = OFL.txt; sourceTree = "<group>"; };
		5E7260D22C90934A00A0F2C7 /* README.txt */ = {isa = PBXFileReference; fileEncoding = 4; lastKnownFileType = text; path = README.txt; sourceTree = "<group>"; };
		5E7260DF2C9095EC00A0F2C7 /* Cairolabels.swift */ = {isa = PBXFileReference; lastKnownFileType = sourcecode.swift; path = Cairolabels.swift; sourceTree = "<group>"; };
		5E7ABEA12C90E2E9007A0BA1 /* BaseViewController.swift */ = {isa = PBXFileReference; lastKnownFileType = sourcecode.swift; path = BaseViewController.swift; sourceTree = "<group>"; };
		5E7ABEA32C90E3F9007A0BA1 /* RegisterViewModel.swift */ = {isa = PBXFileReference; lastKnownFileType = sourcecode.swift; path = RegisterViewModel.swift; sourceTree = "<group>"; };
		5E7ABEA52C90E570007A0BA1 /* ApiRouter.swift */ = {isa = PBXFileReference; lastKnownFileType = sourcecode.swift; path = ApiRouter.swift; sourceTree = "<group>"; };
		5E7ABEA82C90EB25007A0BA1 /* RegisterModel.swift */ = {isa = PBXFileReference; lastKnownFileType = sourcecode.swift; path = RegisterModel.swift; sourceTree = "<group>"; };
		5E7ABEAA2C90ED98007A0BA1 /* Encodable+Extentions.swift */ = {isa = PBXFileReference; lastKnownFileType = sourcecode.swift; path = "Encodable+Extentions.swift"; sourceTree = "<group>"; };
		5E7ABEAD2C90F3F1007A0BA1 /* UIButton+Publisher.swift */ = {isa = PBXFileReference; fileEncoding = 4; lastKnownFileType = sourcecode.swift; path = "UIButton+Publisher.swift"; sourceTree = "<group>"; };
		5E7ABEAE2C90F3F1007A0BA1 /* UIControl+Publisher.swift */ = {isa = PBXFileReference; fileEncoding = 4; lastKnownFileType = sourcecode.swift; path = "UIControl+Publisher.swift"; sourceTree = "<group>"; };
		5E7ABEAF2C90F3F1007A0BA1 /* UIKeyboard publisher.swift */ = {isa = PBXFileReference; fileEncoding = 4; lastKnownFileType = sourcecode.swift; path = "UIKeyboard publisher.swift"; sourceTree = "<group>"; };
		5E7ABEB02C90F3F1007A0BA1 /* UIScrollView+Publisher.swift */ = {isa = PBXFileReference; fileEncoding = 4; lastKnownFileType = sourcecode.swift; path = "UIScrollView+Publisher.swift"; sourceTree = "<group>"; };
		5E7ABEB12C90F3F1007A0BA1 /* UISlider+Publisher.swift */ = {isa = PBXFileReference; fileEncoding = 4; lastKnownFileType = sourcecode.swift; path = "UISlider+Publisher.swift"; sourceTree = "<group>"; };
		5E7ABEB22C90F3F1007A0BA1 /* UISwitch+Publisher.swift */ = {isa = PBXFileReference; fileEncoding = 4; lastKnownFileType = sourcecode.swift; path = "UISwitch+Publisher.swift"; sourceTree = "<group>"; };
		5E7ABEB32C90F3F1007A0BA1 /* UITextField+Publisher.swift */ = {isa = PBXFileReference; fileEncoding = 4; lastKnownFileType = sourcecode.swift; path = "UITextField+Publisher.swift"; sourceTree = "<group>"; };
		5E7ABEBC2C9106E8007A0BA1 /* ApiConstants.swift */ = {isa = PBXFileReference; lastKnownFileType = sourcecode.swift; path = ApiConstants.swift; sourceTree = "<group>"; };
		5E7ABEC02C910B46007A0BA1 /* APIParameters.swift */ = {isa = PBXFileReference; lastKnownFileType = sourcecode.swift; path = APIParameters.swift; sourceTree = "<group>"; };
		5E7ABEC52C91CB79007A0BA1 /* HomeViewController.swift */ = {isa = PBXFileReference; lastKnownFileType = sourcecode.swift; path = HomeViewController.swift; sourceTree = "<group>"; };
		5E7ABEC62C91CB79007A0BA1 /* HomeViewController.xib */ = {isa = PBXFileReference; lastKnownFileType = file.xib; path = HomeViewController.xib; sourceTree = "<group>"; };
		5E7ABECC2C91CC08007A0BA1 /* HomeViewModel.swift */ = {isa = PBXFileReference; lastKnownFileType = sourcecode.swift; path = HomeViewModel.swift; sourceTree = "<group>"; };
		5E7F39772C9224AB00D7E24D /* TabBarController.swift */ = {isa = PBXFileReference; lastKnownFileType = sourcecode.swift; path = TabBarController.swift; sourceTree = "<group>"; };
		5E7F397A2C9233BA00D7E24D /* AppCoordinator.swift */ = {isa = PBXFileReference; lastKnownFileType = sourcecode.swift; path = AppCoordinator.swift; sourceTree = "<group>"; };
		5E7F397D2C92345B00D7E24D /* HomeCoordinator.swift */ = {isa = PBXFileReference; lastKnownFileType = sourcecode.swift; path = HomeCoordinator.swift; sourceTree = "<group>"; };
		5E7F397F2C9235A800D7E24D /* TabViewModel.swift */ = {isa = PBXFileReference; lastKnownFileType = sourcecode.swift; path = TabViewModel.swift; sourceTree = "<group>"; };
		5E7F39902C92432000D7E24D /* ServicesViewController.swift */ = {isa = PBXFileReference; lastKnownFileType = sourcecode.swift; path = ServicesViewController.swift; sourceTree = "<group>"; };
		5E7F39912C92432000D7E24D /* ServicesViewController.xib */ = {isa = PBXFileReference; lastKnownFileType = file.xib; path = ServicesViewController.xib; sourceTree = "<group>"; };
		5E7F39942C92433300D7E24D /* ServicesViewModel.swift */ = {isa = PBXFileReference; lastKnownFileType = sourcecode.swift; path = ServicesViewModel.swift; sourceTree = "<group>"; };
		5E7F39962C9243D500D7E24D /* MyActivityViewController.swift */ = {isa = PBXFileReference; lastKnownFileType = sourcecode.swift; path = MyActivityViewController.swift; sourceTree = "<group>"; };
		5E7F39972C9243D500D7E24D /* MyActivityViewController.xib */ = {isa = PBXFileReference; lastKnownFileType = file.xib; path = MyActivityViewController.xib; sourceTree = "<group>"; };
		5E7F399A2C9243FE00D7E24D /* MyActivityViewModel.swift */ = {isa = PBXFileReference; lastKnownFileType = sourcecode.swift; path = MyActivityViewModel.swift; sourceTree = "<group>"; };
		5E7F399C2C92441800D7E24D /* OffersViewController.swift */ = {isa = PBXFileReference; lastKnownFileType = sourcecode.swift; path = OffersViewController.swift; sourceTree = "<group>"; };
		5E7F399D2C92441800D7E24D /* OffersViewController.xib */ = {isa = PBXFileReference; lastKnownFileType = file.xib; path = OffersViewController.xib; sourceTree = "<group>"; };
		5E7F39A02C92444200D7E24D /* OffersViewModel.swift */ = {isa = PBXFileReference; lastKnownFileType = sourcecode.swift; path = OffersViewModel.swift; sourceTree = "<group>"; };
		5E7F39A42C92452600D7E24D /* MyProfileViewController.swift */ = {isa = PBXFileReference; lastKnownFileType = sourcecode.swift; path = MyProfileViewController.swift; sourceTree = "<group>"; };
		5E7F39A52C92452600D7E24D /* MyProfileViewController.xib */ = {isa = PBXFileReference; lastKnownFileType = file.xib; path = MyProfileViewController.xib; sourceTree = "<group>"; };
		5E7F39A82C92456E00D7E24D /* MyProfileViewModel.swift */ = {isa = PBXFileReference; lastKnownFileType = sourcecode.swift; path = MyProfileViewModel.swift; sourceTree = "<group>"; };
		5E7F39AC2C9351C500D7E24D /* en */ = {isa = PBXFileReference; lastKnownFileType = file; name = en; path = "en.lproj/Cairo-SemiBold.ttf"; sourceTree = "<group>"; };
		5E8086532C99D8CB00E59471 /* SearchScreenReusableView.xib */ = {isa = PBXFileReference; lastKnownFileType = file.xib; path = SearchScreenReusableView.xib; sourceTree = "<group>"; };
		5E8086552C99F14900E59471 /* SearchScreenReusableView.swift */ = {isa = PBXFileReference; lastKnownFileType = sourcecode.swift; path = SearchScreenReusableView.swift; sourceTree = "<group>"; };
		5E87168D2C9A2516006E8E66 /* SearchView.xib */ = {isa = PBXFileReference; lastKnownFileType = file.xib; path = SearchView.xib; sourceTree = "<group>"; };
		5E87168F2C9A2CE1006E8E66 /* CustomDropDownList.swift */ = {isa = PBXFileReference; lastKnownFileType = sourcecode.swift; path = CustomDropDownList.swift; sourceTree = "<group>"; };
		5EBC2CFF2C93CD7F00FC233F /* ServicesCollectionViewCell.swift */ = {isa = PBXFileReference; lastKnownFileType = sourcecode.swift; path = ServicesCollectionViewCell.swift; sourceTree = "<group>"; };
		5EBC2D002C93CD7F00FC233F /* ServicesCollectionViewCell.xib */ = {isa = PBXFileReference; lastKnownFileType = file.xib; path = ServicesCollectionViewCell.xib; sourceTree = "<group>"; };
		5EBC2D032C93CDB800FC233F /* OffersCollectionViewCell.swift */ = {isa = PBXFileReference; lastKnownFileType = sourcecode.swift; path = OffersCollectionViewCell.swift; sourceTree = "<group>"; };
		5EBC2D042C93CDB800FC233F /* OffersCollectionViewCell.xib */ = {isa = PBXFileReference; lastKnownFileType = file.xib; path = OffersCollectionViewCell.xib; sourceTree = "<group>"; };
		5EC18B702C8A780E0076FFB7 /* SliderBoardingImageCollectionViewCell.swift */ = {isa = PBXFileReference; lastKnownFileType = sourcecode.swift; path = SliderBoardingImageCollectionViewCell.swift; sourceTree = "<group>"; };
		5EC18B712C8A780E0076FFB7 /* SliderBoardingImageCollectionViewCell.xib */ = {isa = PBXFileReference; lastKnownFileType = file.xib; path = SliderBoardingImageCollectionViewCell.xib; sourceTree = "<group>"; };
		5EC18B772C8B9D790076FFB7 /* PhoneNumberViewController.swift */ = {isa = PBXFileReference; lastKnownFileType = sourcecode.swift; path = PhoneNumberViewController.swift; sourceTree = "<group>"; };
		5EC18B782C8B9D790076FFB7 /* PhoneNumberViewController.xib */ = {isa = PBXFileReference; lastKnownFileType = file.xib; path = PhoneNumberViewController.xib; sourceTree = "<group>"; };
		5EDD8F6B2C8D6F2A0046FE19 /* SelectGenderView.swift */ = {isa = PBXFileReference; lastKnownFileType = sourcecode.swift; path = SelectGenderView.swift; sourceTree = "<group>"; };
		5EDD8F6D2C8D6F4C0046FE19 /* RadioButton.swift */ = {isa = PBXFileReference; lastKnownFileType = sourcecode.swift; path = RadioButton.swift; sourceTree = "<group>"; };
		5EE8317F2C961ED000671BD7 /* loading.gif */ = {isa = PBXFileReference; lastKnownFileType = image.gif; path = loading.gif; sourceTree = "<group>"; };
		5EE831822C961F3400671BD7 /* GifLoader.swift */ = {isa = PBXFileReference; lastKnownFileType = sourcecode.swift; path = GifLoader.swift; sourceTree = "<group>"; };
		5EE831852C96461400671BD7 /* SubServiceModel.swift */ = {isa = PBXFileReference; lastKnownFileType = sourcecode.swift; path = SubServiceModel.swift; sourceTree = "<group>"; };
		5EE8318A2C9649DB00671BD7 /* SubServiceViewController.swift */ = {isa = PBXFileReference; lastKnownFileType = sourcecode.swift; path = SubServiceViewController.swift; sourceTree = "<group>"; };
		5EE8318B2C9649DB00671BD7 /* SubServiceViewController.xib */ = {isa = PBXFileReference; lastKnownFileType = file.xib; path = SubServiceViewController.xib; sourceTree = "<group>"; };
		5EE831922C9652EF00671BD7 /* SearchViewController.swift */ = {isa = PBXFileReference; lastKnownFileType = sourcecode.swift; path = SearchViewController.swift; sourceTree = "<group>"; };
		5EE831932C9652EF00671BD7 /* SearchViewController.xib */ = {isa = PBXFileReference; lastKnownFileType = file.xib; path = SearchViewController.xib; sourceTree = "<group>"; };
/* End PBXFileReference section */

/* Begin PBXFrameworksBuildPhase section */
		5E167E9B2C85B8E6008864F6 /* Frameworks */ = {
			isa = PBXFrameworksBuildPhase;
			buildActionMask = 2147483647;
			files = (
				5E6AFB082C9A5BE100252EA9 /* Reachability in Frameworks */,
			);
			runOnlyForDeploymentPostprocessing = 0;
		};
		5E167EB12C85B8E9008864F6 /* Frameworks */ = {
			isa = PBXFrameworksBuildPhase;
			buildActionMask = 2147483647;
			files = (
			);
			runOnlyForDeploymentPostprocessing = 0;
		};
		5E167EBB2C85B8E9008864F6 /* Frameworks */ = {
			isa = PBXFrameworksBuildPhase;
			buildActionMask = 2147483647;
			files = (
			);
			runOnlyForDeploymentPostprocessing = 0;
		};
/* End PBXFrameworksBuildPhase section */

/* Begin PBXGroup section */
		5E167E952C85B8E6008864F6 = {
			isa = PBXGroup;
			children = (
				5E167EA02C85B8E6008864F6 /* Allo-Doctor */,
				5E167EB72C85B8E9008864F6 /* Allo-DoctorTests */,
				5E167EC12C85B8E9008864F6 /* Allo-DoctorUITests */,
				5E167E9F2C85B8E6008864F6 /* Products */,
			);
			sourceTree = "<group>";
		};
		5E167E9F2C85B8E6008864F6 /* Products */ = {
			isa = PBXGroup;
			children = (
				5E167E9E2C85B8E6008864F6 /* Allo-Doctor.app */,
				5E167EB42C85B8E9008864F6 /* Allo-DoctorTests.xctest */,
				5E167EBE2C85B8E9008864F6 /* Allo-DoctorUITests.xctest */,
			);
			name = Products;
			sourceTree = "<group>";
		};
		5E167EA02C85B8E6008864F6 /* Allo-Doctor */ = {
			isa = PBXGroup;
			children = (
				5E7260A92C90412600A0F2C7 /* Bases */,
				5E1FA0542C8C777700F7314E /* Services */,
				5E6A80582C886097007C14CE /* Utilities */,
				5E6A80512C884F19007C14CE /* Resourses */,
				5E6A80492C87CED7007C14CE /* Core */,
				5E167ED92C85EC63008864F6 /* Common */,
				5E167ED22C85BEF1008864F6 /* Modules */,
				5E167ED12C85BBCB008864F6 /* Configs */,
				5E167EA12C85B8E6008864F6 /* AppDelegate.swift */,
				5E167EA32C85B8E6008864F6 /* SceneDelegate.swift */,
				5E167EAF2C85B8E8008864F6 /* Info.plist */,
			);
			path = "Allo-Doctor";
			sourceTree = "<group>";
		};
		5E167EB72C85B8E9008864F6 /* Allo-DoctorTests */ = {
			isa = PBXGroup;
			children = (
				5E167EB82C85B8E9008864F6 /* Allo_DoctorTests.swift */,
			);
			path = "Allo-DoctorTests";
			sourceTree = "<group>";
		};
		5E167EC12C85B8E9008864F6 /* Allo-DoctorUITests */ = {
			isa = PBXGroup;
			children = (
				5E167EC22C85B8E9008864F6 /* Allo_DoctorUITests.swift */,
				5E167EC42C85B8E9008864F6 /* Allo_DoctorUITestsLaunchTests.swift */,
			);
			path = "Allo-DoctorUITests";
			sourceTree = "<group>";
		};
		5E167ED12C85BBCB008864F6 /* Configs */ = {
			isa = PBXGroup;
			children = (
			);
			path = Configs;
			sourceTree = "<group>";
		};
		5E167ED22C85BEF1008864F6 /* Modules */ = {
			isa = PBXGroup;
			children = (
				5EE8318E2C96529800671BD7 /* Search */,
				5EE831842C96395200671BD7 /* SubService */,
				5E7F39812C92422800D7E24D /* TabBarModules */,
				5E7ABEC42C91B529007A0BA1 /* Home */,
				5E1FA05B2C8D0C4900F7314E /* Register */,
				5EC18B752C8B9BC00076FFB7 /* PhoneNumber */,
				5E6A80652C88A082007C14CE /* BoardingScreens */,
				5E167EDC2C85F0E0008864F6 /* Selectlanguage */,
				5E167ED42C85DC1C008864F6 /* LaunchScreen */,
			);
			path = Modules;
			sourceTree = "<group>";
		};
		5E167ED42C85DC1C008864F6 /* LaunchScreen */ = {
			isa = PBXGroup;
			children = (
				5E167ED52C85DC4F008864F6 /* LaunchScreenViewController.swift */,
				5E167ED62C85DC4F008864F6 /* LaunchScreenViewController.xib */,
			);
			path = LaunchScreen;
			sourceTree = "<group>";
		};
		5E167ED92C85EC63008864F6 /* Common */ = {
			isa = PBXGroup;
			children = (
			);
			path = Common;
			sourceTree = "<group>";
		};
		5E167EDC2C85F0E0008864F6 /* Selectlanguage */ = {
			isa = PBXGroup;
			children = (
				5E6A804D2C884814007C14CE /* View */,
				5E6A804E2C884899007C14CE /* ViewModel */,
			);
			path = Selectlanguage;
			sourceTree = "<group>";
		};
		5E1FA0542C8C777700F7314E /* Services */ = {
			isa = PBXGroup;
			children = (
				5E1FA05A2C8C77F200F7314E /* NetworkLayer */,
				5E1FA0552C8C777C00F7314E /* UserDefault */,
			);
			path = Services;
			sourceTree = "<group>";
		};
		5E1FA0552C8C777C00F7314E /* UserDefault */ = {
			isa = PBXGroup;
			children = (
				5E1FA0562C8C77A400F7314E /* UserDefaultProtocol.swift */,
				5E1FA0582C8C77DF00F7314E /* UserDefaultsManager.swift */,
			);
			path = UserDefault;
			sourceTree = "<group>";
		};
		5E1FA05A2C8C77F200F7314E /* NetworkLayer */ = {
			isa = PBXGroup;
			children = (
				5E7260C62C90693D00A0F2C7 /* APIConstants */,
				5E7260C52C90693100A0F2C7 /* APIRouter */,
				5E7260B72C90669100A0F2C7 /* APIClient */,
			);
			path = NetworkLayer;
			sourceTree = "<group>";
		};
		5E1FA05B2C8D0C4900F7314E /* Register */ = {
			isa = PBXGroup;
			children = (
				5E7ABEA72C90E650007A0BA1 /* Model */,
				5E1FA05C2C8D0C5B00F7314E /* View */,
				5E1FA05D2C8D0C6200F7314E /* ViewModel */,
				5EDD8F6A2C8D6E0B0046FE19 /* RelatedViews */,
			);
			path = Register;
			sourceTree = "<group>";
		};
		5E1FA05C2C8D0C5B00F7314E /* View */ = {
			isa = PBXGroup;
			children = (
				5E1FA05E2C8D0CD600F7314E /* RegisterViewController.swift */,
				5E1FA05F2C8D0CD600F7314E /* RegisterViewController.xib */,
			);
			path = View;
			sourceTree = "<group>";
		};
		5E1FA05D2C8D0C6200F7314E /* ViewModel */ = {
			isa = PBXGroup;
			children = (
				5E7ABEA32C90E3F9007A0BA1 /* RegisterViewModel.swift */,
			);
			path = ViewModel;
			sourceTree = "<group>";
		};
		5E6A80492C87CED7007C14CE /* Core */ = {
			isa = PBXGroup;
			children = (
			);
			path = Core;
			sourceTree = "<group>";
		};
		5E6A804A2C87CEDD007C14CE /* Coordinator */ = {
			isa = PBXGroup;
			children = (
				5E7F397C2C92342900D7E24D /* HomeCoordinator */,
				5E7F39792C9233A200D7E24D /* AppCoordinator */,
				5E6A804B2C87CEFB007C14CE /* MainCoordinator.swift */,
				5E6A804F2C8848F1007C14CE /* Coordinator.swift */,
			);
			path = Coordinator;
			sourceTree = "<group>";
		};
		5E6A804D2C884814007C14CE /* View */ = {
			isa = PBXGroup;
			children = (
				5E167EDD2C85F53E008864F6 /* SelectlanguageViewController.swift */,
				5E167EDE2C85F53E008864F6 /* SelectlanguageViewController.xib */,
			);
			path = View;
			sourceTree = "<group>";
		};
		5E6A804E2C884899007C14CE /* ViewModel */ = {
			isa = PBXGroup;
			children = (
			);
			path = ViewModel;
			sourceTree = "<group>";
		};
		5E6A80512C884F19007C14CE /* Resourses */ = {
			isa = PBXGroup;
			children = (
				5EE831812C961F1B00671BD7 /* Gifs */,
				5E7260B12C90416800A0F2C7 /* Fonts */,
				5E167EAA2C85B8E8008864F6 /* Assets.xcassets */,
				5E6A804A2C87CEDD007C14CE /* Coordinator */,
				5E6A80522C884F27007C14CE /* Router */,
			);
			path = Resourses;
			sourceTree = "<group>";
		};
		5E6A80522C884F27007C14CE /* Router */ = {
			isa = PBXGroup;
			children = (
				5E6A80532C88506A007C14CE /* Router.swift */,
				5E6A80562C88511C007C14CE /* NavigationRouter.swift */,
			);
			path = Router;
			sourceTree = "<group>";
		};
		5E6A80582C886097007C14CE /* Utilities */ = {
			isa = PBXGroup;
			children = (
				5E7ABEAC2C90F3B3007A0BA1 /* Helper */,
				5E6A806A2C8A4328007C14CE /* ReusuableViews */,
				5E6A805F2C8879E3007C14CE /* Constants */,
				5E6A805C2C887978007C14CE /* UIComponets */,
				5E6A80592C88609F007C14CE /* Extentions */,
			);
			path = Utilities;
			sourceTree = "<group>";
		};
		5E6A80592C88609F007C14CE /* Extentions */ = {
			isa = PBXGroup;
			children = (
				5E6A805A2C886420007C14CE /* UIViewController+Extentions.swift */,
				5E6A80632C88849F007C14CE /* UIColor+Extention.swift */,
				5E389AA02C8BBD02002FA5F0 /* UIView+Extentions.swift */,
				5E389AA22C8BBF45002FA5F0 /* UITextField+Extentions.swift */,
				5E7ABEAA2C90ED98007A0BA1 /* Encodable+Extentions.swift */,
				5E639B262C9499DC004AD3AB /* UICollectionView+Extentions.swift */,
				5E6BC04C2C96A5AD009BACEC /* UIImageView+Extentions.swift */,
			);
			path = Extentions;
			sourceTree = "<group>";
		};
		5E6A805C2C887978007C14CE /* UIComponets */ = {
			isa = PBXGroup;
			children = (
				5E8086522C99D86900E59471 /* SearchScreenReusbaleView */,
				5E71D06C2C993EB5001F5061 /* CustomSearchBar */,
				5E6A805D2C887997007C14CE /* Custombutton.swift */,
				5EDD8F6D2C8D6F4C0046FE19 /* RadioButton.swift */,
				5E639B242C944A82004AD3AB /* UnderlinedButton.swift */,
				5E87168F2C9A2CE1006E8E66 /* CustomDropDownList.swift */,
			);
			path = UIComponets;
			sourceTree = "<group>";
		};
		5E6A805F2C8879E3007C14CE /* Constants */ = {
			isa = PBXGroup;
			children = (
				5E6A80602C8879F3007C14CE /* Constants.swift */,
			);
			path = Constants;
			sourceTree = "<group>";
		};
		5E6A80652C88A082007C14CE /* BoardingScreens */ = {
			isa = PBXGroup;
			children = (
				5EC18B6F2C8A76210076FFB7 /* View */,
				5EC18B742C8A79960076FFB7 /* ViewModel */,
				5EC18B6E2C8A76190076FFB7 /* Cells */,
			);
			path = BoardingScreens;
			sourceTree = "<group>";
		};
		5E6A806A2C8A4328007C14CE /* ReusuableViews */ = {
			isa = PBXGroup;
			children = (
				5E167EDA2C85EC87008864F6 /* LoadingLogo.swift */,
				5E6A806B2C8A436B007C14CE /* CustomPageController.swift */,
			);
			path = ReusuableViews;
			sourceTree = "<group>";
		};
		5E6BC0552C97A1A0009BACEC /* RelatedViews */ = {
			isa = PBXGroup;
			children = (
				5E6BC0592C97A6EF009BACEC /* Cells */,
			);
			path = RelatedViews;
			sourceTree = "<group>";
		};
		5E6BC0592C97A6EF009BACEC /* Cells */ = {
			isa = PBXGroup;
			children = (
				5E6BC05A2C97A712009BACEC /* SubServiceCollectionViewCell.swift */,
				5E6BC05B2C97A712009BACEC /* SubServiceCollectionViewCell.xib */,
			);
			path = Cells;
			sourceTree = "<group>";
		};
		5E71D06C2C993EB5001F5061 /* CustomSearchBar */ = {
			isa = PBXGroup;
			children = (
				5E6BC04E2C96B21F009BACEC /* CustomSearchBar.swift */,
				5E6BC0512C96B24A009BACEC /* CustomSearchBar.xib */,
			);
			path = CustomSearchBar;
			sourceTree = "<group>";
		};
		5E7260A92C90412600A0F2C7 /* Bases */ = {
			isa = PBXGroup;
			children = (
				5E7ABEA12C90E2E9007A0BA1 /* BaseViewController.swift */,
			);
			path = Bases;
			sourceTree = "<group>";
		};
		5E7260B12C90416800A0F2C7 /* Fonts */ = {
			isa = PBXGroup;
			children = (
				5E7260D32C90934A00A0F2C7 /* Cairo */,
			);
			path = Fonts;
			sourceTree = "<group>";
		};
		5E7260B72C90669100A0F2C7 /* APIClient */ = {
			isa = PBXGroup;
			children = (
				5E7260B82C9067F100A0F2C7 /* APIClient.swift */,
				5E639B2A2C950892004AD3AB /* APIClientProtocol.swift */,
			);
			path = APIClient;
			sourceTree = "<group>";
		};
		5E7260C52C90693100A0F2C7 /* APIRouter */ = {
			isa = PBXGroup;
			children = (
				5E7ABEA52C90E570007A0BA1 /* ApiRouter.swift */,
			);
			path = APIRouter;
			sourceTree = "<group>";
		};
		5E7260C62C90693D00A0F2C7 /* APIConstants */ = {
			isa = PBXGroup;
			children = (
				5E7ABEBC2C9106E8007A0BA1 /* ApiConstants.swift */,
				5E7ABEC02C910B46007A0BA1 /* APIParameters.swift */,
			);
			path = APIConstants;
			sourceTree = "<group>";
		};
		5E7260CF2C90934A00A0F2C7 /* static */ = {
			isa = PBXGroup;
			children = (
				5E7260C72C90934A00A0F2C7 /* Cairo-Black.ttf */,
				5E7260C82C90934A00A0F2C7 /* Cairo-Bold.ttf */,
				5E7260C92C90934A00A0F2C7 /* Cairo-ExtraBold.ttf */,
				5E7260CA2C90934A00A0F2C7 /* Cairo-ExtraLight.ttf */,
				5E7260CB2C90934A00A0F2C7 /* Cairo-Light.ttf */,
				5E7260CC2C90934A00A0F2C7 /* Cairo-Medium.ttf */,
				5E7260CD2C90934A00A0F2C7 /* Cairo-Regular.ttf */,
				5E7F39AD2C9351C500D7E24D /* Cairo-SemiBold.ttf */,
			);
			path = static;
			sourceTree = "<group>";
		};
		5E7260D32C90934A00A0F2C7 /* Cairo */ = {
			isa = PBXGroup;
			children = (
				5E7260CF2C90934A00A0F2C7 /* static */,
				5E7260D02C90934A00A0F2C7 /* Cairo-VariableFont_slnt,wght.ttf */,
				5E7260D12C90934A00A0F2C7 /* OFL.txt */,
				5E7260D22C90934A00A0F2C7 /* README.txt */,
				5E7260DF2C9095EC00A0F2C7 /* Cairolabels.swift */,
			);
			path = Cairo;
			sourceTree = "<group>";
		};
		5E7ABEA72C90E650007A0BA1 /* Model */ = {
			isa = PBXGroup;
			children = (
				5E7ABEA82C90EB25007A0BA1 /* RegisterModel.swift */,
			);
			path = Model;
			sourceTree = "<group>";
		};
		5E7ABEAC2C90F3B3007A0BA1 /* Helper */ = {
			isa = PBXGroup;
			children = (
				5E7ABEB42C90F3F1007A0BA1 /* publisherHelpers */,
			);
			path = Helper;
			sourceTree = "<group>";
		};
		5E7ABEB42C90F3F1007A0BA1 /* publisherHelpers */ = {
			isa = PBXGroup;
			children = (
				5E7ABEAD2C90F3F1007A0BA1 /* UIButton+Publisher.swift */,
				5E7ABEAE2C90F3F1007A0BA1 /* UIControl+Publisher.swift */,
				5E7ABEAF2C90F3F1007A0BA1 /* UIKeyboard publisher.swift */,
				5E7ABEB02C90F3F1007A0BA1 /* UIScrollView+Publisher.swift */,
				5E7ABEB12C90F3F1007A0BA1 /* UISlider+Publisher.swift */,
				5E7ABEB22C90F3F1007A0BA1 /* UISwitch+Publisher.swift */,
				5E7ABEB32C90F3F1007A0BA1 /* UITextField+Publisher.swift */,
			);
			path = publisherHelpers;
			sourceTree = "<group>";
		};
		5E7ABEC42C91B529007A0BA1 /* Home */ = {
			isa = PBXGroup;
			children = (
				5E7F39762C92245100D7E24D /* TabBarController */,
				5E7ABECB2C91CBA9007A0BA1 /* Model */,
				5E7ABEC92C91CB95007A0BA1 /* View */,
				5E7ABECA2C91CB9D007A0BA1 /* ViewModel */,
				5E7ABECE2C91CC34007A0BA1 /* RelatedViews */,
			);
			path = Home;
			sourceTree = "<group>";
		};
		5E7ABEC92C91CB95007A0BA1 /* View */ = {
			isa = PBXGroup;
			children = (
				5E7ABEC52C91CB79007A0BA1 /* HomeViewController.swift */,
				5E7ABEC62C91CB79007A0BA1 /* HomeViewController.xib */,
			);
			path = View;
			sourceTree = "<group>";
		};
		5E7ABECA2C91CB9D007A0BA1 /* ViewModel */ = {
			isa = PBXGroup;
			children = (
				5E7ABECC2C91CC08007A0BA1 /* HomeViewModel.swift */,
			);
			path = ViewModel;
			sourceTree = "<group>";
		};
		5E7ABECB2C91CBA9007A0BA1 /* Model */ = {
			isa = PBXGroup;
			children = (
			);
			path = Model;
			sourceTree = "<group>";
		};
		5E7ABECE2C91CC34007A0BA1 /* RelatedViews */ = {
			isa = PBXGroup;
			children = (
				5E7ABECF2C91CC41007A0BA1 /* Cells */,
			);
			path = RelatedViews;
			sourceTree = "<group>";
		};
		5E7ABECF2C91CC41007A0BA1 /* Cells */ = {
			isa = PBXGroup;
			children = (
			);
			path = Cells;
			sourceTree = "<group>";
		};
		5E7F39762C92245100D7E24D /* TabBarController */ = {
			isa = PBXGroup;
			children = (
				5E7F39772C9224AB00D7E24D /* TabBarController.swift */,
				5E7F397F2C9235A800D7E24D /* TabViewModel.swift */,
			);
			path = TabBarController;
			sourceTree = "<group>";
		};
		5E7F39792C9233A200D7E24D /* AppCoordinator */ = {
			isa = PBXGroup;
			children = (
				5E7F397A2C9233BA00D7E24D /* AppCoordinator.swift */,
			);
			path = AppCoordinator;
			sourceTree = "<group>";
		};
		5E7F397C2C92342900D7E24D /* HomeCoordinator */ = {
			isa = PBXGroup;
			children = (
				5E7F397D2C92345B00D7E24D /* HomeCoordinator.swift */,
			);
			path = HomeCoordinator;
			sourceTree = "<group>";
		};
		5E7F39812C92422800D7E24D /* TabBarModules */ = {
			isa = PBXGroup;
			children = (
				5E7F39852C92425F00D7E24D /* MyProfile */,
				5E7F39842C92425800D7E24D /* Offers */,
				5E7F39832C92424600D7E24D /* MyActivity */,
				5E7F39822C92423300D7E24D /* Services */,
			);
			path = TabBarModules;
			sourceTree = "<group>";
		};
		5E7F39822C92423300D7E24D /* Services */ = {
			isa = PBXGroup;
			children = (
				5EBC2CF62C93CCA900FC233F /* Model */,
				5E7F398F2C92430600D7E24D /* View */,
				5E7F398E2C92430000D7E24D /* ViewModel */,
				5EBC2CF72C93CCB000FC233F /* RelatedViews */,
			);
			path = Services;
			sourceTree = "<group>";
		};
		5E7F39832C92424600D7E24D /* MyActivity */ = {
			isa = PBXGroup;
			children = (
				5E7F398D2C9242FA00D7E24D /* View */,
				5E7F398B2C9242E600D7E24D /* ViewModel */,
			);
			path = MyActivity;
			sourceTree = "<group>";
		};
		5E7F39842C92425800D7E24D /* Offers */ = {
			isa = PBXGroup;
			children = (
				5E7F398A2C9242E000D7E24D /* View */,
				5E7F39892C9242D200D7E24D /* ViewModel */,
			);
			path = Offers;
			sourceTree = "<group>";
		};
		5E7F39852C92425F00D7E24D /* MyProfile */ = {
			isa = PBXGroup;
			children = (
				5E7F39862C92428300D7E24D /* Model */,
				5E7F39872C92428A00D7E24D /* View */,
				5E7F39882C92429100D7E24D /* ViewModel */,
			);
			path = MyProfile;
			sourceTree = "<group>";
		};
		5E7F39862C92428300D7E24D /* Model */ = {
			isa = PBXGroup;
			children = (
			);
			path = Model;
			sourceTree = "<group>";
		};
		5E7F39872C92428A00D7E24D /* View */ = {
			isa = PBXGroup;
			children = (
				5E7F39A42C92452600D7E24D /* MyProfileViewController.swift */,
				5E7F39A52C92452600D7E24D /* MyProfileViewController.xib */,
			);
			path = View;
			sourceTree = "<group>";
		};
		5E7F39882C92429100D7E24D /* ViewModel */ = {
			isa = PBXGroup;
			children = (
				5E7F39A82C92456E00D7E24D /* MyProfileViewModel.swift */,
			);
			path = ViewModel;
			sourceTree = "<group>";
		};
		5E7F39892C9242D200D7E24D /* ViewModel */ = {
			isa = PBXGroup;
			children = (
				5E7F39A02C92444200D7E24D /* OffersViewModel.swift */,
			);
			path = ViewModel;
			sourceTree = "<group>";
		};
		5E7F398A2C9242E000D7E24D /* View */ = {
			isa = PBXGroup;
			children = (
				5E7F399C2C92441800D7E24D /* OffersViewController.swift */,
				5E7F399D2C92441800D7E24D /* OffersViewController.xib */,
			);
			path = View;
			sourceTree = "<group>";
		};
		5E7F398B2C9242E600D7E24D /* ViewModel */ = {
			isa = PBXGroup;
			children = (
				5E7F399A2C9243FE00D7E24D /* MyActivityViewModel.swift */,
			);
			path = ViewModel;
			sourceTree = "<group>";
		};
		5E7F398D2C9242FA00D7E24D /* View */ = {
			isa = PBXGroup;
			children = (
				5E7F39962C9243D500D7E24D /* MyActivityViewController.swift */,
				5E7F39972C9243D500D7E24D /* MyActivityViewController.xib */,
			);
			path = View;
			sourceTree = "<group>";
		};
		5E7F398E2C92430000D7E24D /* ViewModel */ = {
			isa = PBXGroup;
			children = (
				5E7F39942C92433300D7E24D /* ServicesViewModel.swift */,
			);
			path = ViewModel;
			sourceTree = "<group>";
		};
		5E7F398F2C92430600D7E24D /* View */ = {
			isa = PBXGroup;
			children = (
				5E7F39902C92432000D7E24D /* ServicesViewController.swift */,
				5E7F39912C92432000D7E24D /* ServicesViewController.xib */,
			);
			path = View;
			sourceTree = "<group>";
		};
		5E8086522C99D86900E59471 /* SearchScreenReusbaleView */ = {
			isa = PBXGroup;
			children = (
				5E8086532C99D8CB00E59471 /* SearchScreenReusableView.xib */,
				5E8086552C99F14900E59471 /* SearchScreenReusableView.swift */,
				5E87168D2C9A2516006E8E66 /* SearchView.xib */,
			);
			path = SearchScreenReusbaleView;
			sourceTree = "<group>";
		};
		5EBC2CF62C93CCA900FC233F /* Model */ = {
			isa = PBXGroup;
			children = (
				5E639B282C94F78C004AD3AB /* ServiceModel.swift */,
			);
			path = Model;
			sourceTree = "<group>";
		};
		5EBC2CF72C93CCB000FC233F /* RelatedViews */ = {
			isa = PBXGroup;
			children = (
				5EBC2CF82C93CCD800FC233F /* Cells */,
			);
			path = RelatedViews;
			sourceTree = "<group>";
		};
		5EBC2CF82C93CCD800FC233F /* Cells */ = {
			isa = PBXGroup;
			children = (
				5EBC2CFE2C93CD5700FC233F /* ServicesCollectionViewCell */,
				5EBC2CFD2C93CD0E00FC233F /* OffersColletionViewCell */,
			);
			path = Cells;
			sourceTree = "<group>";
		};
		5EBC2CFD2C93CD0E00FC233F /* OffersColletionViewCell */ = {
			isa = PBXGroup;
			children = (
				5EBC2D032C93CDB800FC233F /* OffersCollectionViewCell.swift */,
				5EBC2D042C93CDB800FC233F /* OffersCollectionViewCell.xib */,
			);
			path = OffersColletionViewCell;
			sourceTree = "<group>";
		};
		5EBC2CFE2C93CD5700FC233F /* ServicesCollectionViewCell */ = {
			isa = PBXGroup;
			children = (
				5EBC2CFF2C93CD7F00FC233F /* ServicesCollectionViewCell.swift */,
				5EBC2D002C93CD7F00FC233F /* ServicesCollectionViewCell.xib */,
			);
			path = ServicesCollectionViewCell;
			sourceTree = "<group>";
		};
		5EC18B6E2C8A76190076FFB7 /* Cells */ = {
			isa = PBXGroup;
			children = (
				5EC18B702C8A780E0076FFB7 /* SliderBoardingImageCollectionViewCell.swift */,
				5EC18B712C8A780E0076FFB7 /* SliderBoardingImageCollectionViewCell.xib */,
			);
			path = Cells;
			sourceTree = "<group>";
		};
		5EC18B6F2C8A76210076FFB7 /* View */ = {
			isa = PBXGroup;
			children = (
				5E6A80672C88A0C9007C14CE /* OnBoardingScreensViewController.xib */,
				5E6A80662C88A0C9007C14CE /* OnBoardingScreensViewController.swift */,
			);
			path = View;
			sourceTree = "<group>";
		};
		5EC18B742C8A79960076FFB7 /* ViewModel */ = {
			isa = PBXGroup;
			children = (
			);
			path = ViewModel;
			sourceTree = "<group>";
		};
		5EC18B752C8B9BC00076FFB7 /* PhoneNumber */ = {
			isa = PBXGroup;
			children = (
				5EC18B762C8B9D3D0076FFB7 /* View */,
			);
			path = PhoneNumber;
			sourceTree = "<group>";
		};
		5EC18B762C8B9D3D0076FFB7 /* View */ = {
			isa = PBXGroup;
			children = (
				5EC18B772C8B9D790076FFB7 /* PhoneNumberViewController.swift */,
				5EC18B782C8B9D790076FFB7 /* PhoneNumberViewController.xib */,
			);
			path = View;
			sourceTree = "<group>";
		};
		5EDD8F6A2C8D6E0B0046FE19 /* RelatedViews */ = {
			isa = PBXGroup;
			children = (
				5EDD8F6B2C8D6F2A0046FE19 /* SelectGenderView.swift */,
			);
			path = RelatedViews;
			sourceTree = "<group>";
		};
		5EE831812C961F1B00671BD7 /* Gifs */ = {
			isa = PBXGroup;
			children = (
				5EE8317F2C961ED000671BD7 /* loading.gif */,
				5EE831822C961F3400671BD7 /* GifLoader.swift */,
			);
			path = Gifs;
			sourceTree = "<group>";
		};
		5EE831842C96395200671BD7 /* SubService */ = {
			isa = PBXGroup;
			children = (
				5EE831872C96461800671BD7 /* Model */,
				5EE831882C96462100671BD7 /* View */,
				5EE831892C96462B00671BD7 /* ViewModel */,
				5E6BC0552C97A1A0009BACEC /* RelatedViews */,
			);
			path = SubService;
			sourceTree = "<group>";
		};
		5EE831872C96461800671BD7 /* Model */ = {
			isa = PBXGroup;
			children = (
				5EE831852C96461400671BD7 /* SubServiceModel.swift */,
			);
			path = Model;
			sourceTree = "<group>";
		};
		5EE831882C96462100671BD7 /* View */ = {
			isa = PBXGroup;
			children = (
				5EE8318A2C9649DB00671BD7 /* SubServiceViewController.swift */,
				5EE8318B2C9649DB00671BD7 /* SubServiceViewController.xib */,
			);
			path = View;
			sourceTree = "<group>";
		};
		5EE831892C96462B00671BD7 /* ViewModel */ = {
			isa = PBXGroup;
			children = (
				5E6BC0572C97A21A009BACEC /* SubServiceViewModel.swift */,
			);
			path = ViewModel;
			sourceTree = "<group>";
		};
		5EE8318E2C96529800671BD7 /* Search */ = {
			isa = PBXGroup;
			children = (
				5EE831912C9652B100671BD7 /* Model */,
				5EE831902C9652AA00671BD7 /* View */,
				5EE8318F2C96529F00671BD7 /* ViewModel */,
			);
			path = Search;
			sourceTree = "<group>";
		};
		5EE8318F2C96529F00671BD7 /* ViewModel */ = {
			isa = PBXGroup;
			children = (
			);
			path = ViewModel;
			sourceTree = "<group>";
		};
		5EE831902C9652AA00671BD7 /* View */ = {
			isa = PBXGroup;
			children = (
				5EE831922C9652EF00671BD7 /* SearchViewController.swift */,
				5EE831932C9652EF00671BD7 /* SearchViewController.xib */,
			);
			path = View;
			sourceTree = "<group>";
		};
		5EE831912C9652B100671BD7 /* Model */ = {
			isa = PBXGroup;
			children = (
			);
			path = Model;
			sourceTree = "<group>";
		};
/* End PBXGroup section */

/* Begin PBXNativeTarget section */
		5E167E9D2C85B8E6008864F6 /* Allo-Doctor */ = {
			isa = PBXNativeTarget;
			buildConfigurationList = 5E167EC82C85B8E9008864F6 /* Build configuration list for PBXNativeTarget "Allo-Doctor" */;
			buildPhases = (
				5E167E9A2C85B8E6008864F6 /* Sources */,
				5E167E9B2C85B8E6008864F6 /* Frameworks */,
				5E167E9C2C85B8E6008864F6 /* Resources */,
			);
			buildRules = (
			);
			dependencies = (
			);
			name = "Allo-Doctor";
			packageProductDependencies = (
				5E6AFB072C9A5BE100252EA9 /* Reachability */,
			);
			productName = "Allo-Doctor";
			productReference = 5E167E9E2C85B8E6008864F6 /* Allo-Doctor.app */;
			productType = "com.apple.product-type.application";
		};
		5E167EB32C85B8E9008864F6 /* Allo-DoctorTests */ = {
			isa = PBXNativeTarget;
			buildConfigurationList = 5E167ECB2C85B8E9008864F6 /* Build configuration list for PBXNativeTarget "Allo-DoctorTests" */;
			buildPhases = (
				5E167EB02C85B8E9008864F6 /* Sources */,
				5E167EB12C85B8E9008864F6 /* Frameworks */,
				5E167EB22C85B8E9008864F6 /* Resources */,
			);
			buildRules = (
			);
			dependencies = (
				5E167EB62C85B8E9008864F6 /* PBXTargetDependency */,
			);
			name = "Allo-DoctorTests";
			productName = "Allo-DoctorTests";
			productReference = 5E167EB42C85B8E9008864F6 /* Allo-DoctorTests.xctest */;
			productType = "com.apple.product-type.bundle.unit-test";
		};
		5E167EBD2C85B8E9008864F6 /* Allo-DoctorUITests */ = {
			isa = PBXNativeTarget;
			buildConfigurationList = 5E167ECE2C85B8E9008864F6 /* Build configuration list for PBXNativeTarget "Allo-DoctorUITests" */;
			buildPhases = (
				5E167EBA2C85B8E9008864F6 /* Sources */,
				5E167EBB2C85B8E9008864F6 /* Frameworks */,
				5E167EBC2C85B8E9008864F6 /* Resources */,
			);
			buildRules = (
			);
			dependencies = (
				5E167EC02C85B8E9008864F6 /* PBXTargetDependency */,
			);
			name = "Allo-DoctorUITests";
			productName = "Allo-DoctorUITests";
			productReference = 5E167EBE2C85B8E9008864F6 /* Allo-DoctorUITests.xctest */;
			productType = "com.apple.product-type.bundle.ui-testing";
		};
/* End PBXNativeTarget section */

/* Begin PBXProject section */
		5E167E962C85B8E6008864F6 /* Project object */ = {
			isa = PBXProject;
			attributes = {
				BuildIndependentTargetsInParallel = 1;
				LastSwiftUpdateCheck = 1540;
				LastUpgradeCheck = 1540;
				TargetAttributes = {
					5E167E9D2C85B8E6008864F6 = {
						CreatedOnToolsVersion = 15.4;
					};
					5E167EB32C85B8E9008864F6 = {
						CreatedOnToolsVersion = 15.4;
						TestTargetID = 5E167E9D2C85B8E6008864F6;
					};
					5E167EBD2C85B8E9008864F6 = {
						CreatedOnToolsVersion = 15.4;
						TestTargetID = 5E167E9D2C85B8E6008864F6;
					};
				};
			};
			buildConfigurationList = 5E167E992C85B8E6008864F6 /* Build configuration list for PBXProject "Allo-Doctor" */;
			compatibilityVersion = "Xcode 14.0";
			developmentRegion = en;
			hasScannedForEncodings = 0;
			knownRegions = (
				en,
				Base,
			);
			mainGroup = 5E167E952C85B8E6008864F6;
			packageReferences = (
				5E6AFB062C9A5BBA00252EA9 /* XCRemoteSwiftPackageReference "Reachability" */,
			);
			productRefGroup = 5E167E9F2C85B8E6008864F6 /* Products */;
			projectDirPath = "";
			projectRoot = "";
			targets = (
				5E167E9D2C85B8E6008864F6 /* Allo-Doctor */,
				5E167EB32C85B8E9008864F6 /* Allo-DoctorTests */,
				5E167EBD2C85B8E9008864F6 /* Allo-DoctorUITests */,
			);
		};
/* End PBXProject section */

/* Begin PBXResourcesBuildPhase section */
		5E167E9C2C85B8E6008864F6 /* Resources */ = {
			isa = PBXResourcesBuildPhase;
			buildActionMask = 2147483647;
			files = (
				5E7260DD2C90934B00A0F2C7 /* OFL.txt in Resources */,
				5EBC2D022C93CD7F00FC233F /* ServicesCollectionViewCell.xib in Resources */,
				5EC18B7A2C8B9D790076FFB7 /* PhoneNumberViewController.xib in Resources */,
				5E7260D72C90934B00A0F2C7 /* Cairo-ExtraLight.ttf in Resources */,
				5E8086542C99D8CB00E59471 /* SearchScreenReusableView.xib in Resources */,
				5E7260D62C90934B00A0F2C7 /* Cairo-ExtraBold.ttf in Resources */,
				5E7260DC2C90934B00A0F2C7 /* Cairo-VariableFont_slnt,wght.ttf in Resources */,
				5EE831952C9652F000671BD7 /* SearchViewController.xib in Resources */,
				5E167EAB2C85B8E8008864F6 /* Assets.xcassets in Resources */,
				5E1FA0612C8D0CD700F7314E /* RegisterViewController.xib in Resources */,
				5E7260D42C90934B00A0F2C7 /* Cairo-Black.ttf in Resources */,
				5E167ED82C85DC4F008864F6 /* LaunchScreenViewController.xib in Resources */,
				5EBC2D062C93CDB800FC233F /* OffersCollectionViewCell.xib in Resources */,
				5E7F39932C92432000D7E24D /* ServicesViewController.xib in Resources */,
				5E7F39B02C93521700D7E24D /* Cairo-SemiBold.ttf in Resources */,
				5E7F399F2C92441800D7E24D /* OffersViewController.xib in Resources */,
				5E87168E2C9A2516006E8E66 /* SearchView.xib in Resources */,
				5EE8318D2C9649DB00671BD7 /* SubServiceViewController.xib in Resources */,
				5E7260DE2C90934B00A0F2C7 /* README.txt in Resources */,
				5E7260D92C90934B00A0F2C7 /* Cairo-Medium.ttf in Resources */,
				5E6BC0522C96B24A009BACEC /* CustomSearchBar.xib in Resources */,
				5E7ABEC72C91CB79007A0BA1 /* HomeViewController.xib in Resources */,
				5E7260DA2C90934B00A0F2C7 /* Cairo-Regular.ttf in Resources */,
				5E6A80692C88A0C9007C14CE /* OnBoardingScreensViewController.xib in Resources */,
				5E6BC05D2C97A712009BACEC /* SubServiceCollectionViewCell.xib in Resources */,
				5EC18B732C8A780E0076FFB7 /* SliderBoardingImageCollectionViewCell.xib in Resources */,
				5E7F39A72C92452600D7E24D /* MyProfileViewController.xib in Resources */,
				5E7260D52C90934B00A0F2C7 /* Cairo-Bold.ttf in Resources */,
				5EE831802C961ED000671BD7 /* loading.gif in Resources */,
				5E7260D82C90934B00A0F2C7 /* Cairo-Light.ttf in Resources */,
				5E167EE02C85F53E008864F6 /* SelectlanguageViewController.xib in Resources */,
				5E7F39992C9243D500D7E24D /* MyActivityViewController.xib in Resources */,
			);
			runOnlyForDeploymentPostprocessing = 0;
		};
		5E167EB22C85B8E9008864F6 /* Resources */ = {
			isa = PBXResourcesBuildPhase;
			buildActionMask = 2147483647;
			files = (
				5E7F39AF2C93521600D7E24D /* Cairo-SemiBold.ttf in Resources */,
			);
			runOnlyForDeploymentPostprocessing = 0;
		};
		5E167EBC2C85B8E9008864F6 /* Resources */ = {
			isa = PBXResourcesBuildPhase;
			buildActionMask = 2147483647;
			files = (
				5E7F39B12C93521800D7E24D /* Cairo-SemiBold.ttf in Resources */,
			);
			runOnlyForDeploymentPostprocessing = 0;
		};
/* End PBXResourcesBuildPhase section */

/* Begin PBXSourcesBuildPhase section */
		5E167E9A2C85B8E6008864F6 /* Sources */ = {
			isa = PBXSourcesBuildPhase;
			buildActionMask = 2147483647;
			files = (
				5E6A806C2C8A436B007C14CE /* CustomPageController.swift in Sources */,
				5E7F39A12C92444200D7E24D /* OffersViewModel.swift in Sources */,
				5E639B272C9499DC004AD3AB /* UICollectionView+Extentions.swift in Sources */,
				5E1FA0602C8D0CD700F7314E /* RegisterViewController.swift in Sources */,
				5E6A80542C88506A007C14CE /* Router.swift in Sources */,
				5E7ABEAB2C90ED98007A0BA1 /* Encodable+Extentions.swift in Sources */,
				5E7F39952C92433300D7E24D /* ServicesViewModel.swift in Sources */,
				5E7ABEA42C90E3F9007A0BA1 /* RegisterViewModel.swift in Sources */,
				5E7F397E2C92345B00D7E24D /* HomeCoordinator.swift in Sources */,
				5E7ABEB92C90F3F1007A0BA1 /* UISlider+Publisher.swift in Sources */,
				5E7F397B2C9233BA00D7E24D /* AppCoordinator.swift in Sources */,
				5E7F399E2C92441800D7E24D /* OffersViewController.swift in Sources */,
				5E7F39922C92432000D7E24D /* ServicesViewController.swift in Sources */,
				5E7ABEA22C90E2E9007A0BA1 /* BaseViewController.swift in Sources */,
				5E167EA22C85B8E6008864F6 /* AppDelegate.swift in Sources */,
				5E7ABEB62C90F3F1007A0BA1 /* UIControl+Publisher.swift in Sources */,
				5E7F39A62C92452600D7E24D /* MyProfileViewController.swift in Sources */,
				5EC18B792C8B9D790076FFB7 /* PhoneNumberViewController.swift in Sources */,
				5EBC2D052C93CDB800FC233F /* OffersCollectionViewCell.swift in Sources */,
				5E7260B92C9067F200A0F2C7 /* APIClient.swift in Sources */,
				5E6BC04F2C96B21F009BACEC /* CustomSearchBar.swift in Sources */,
				5E6A805E2C887997007C14CE /* Custombutton.swift in Sources */,
				5E7ABEBD2C9106E8007A0BA1 /* ApiConstants.swift in Sources */,
				5E7260E02C9095EC00A0F2C7 /* Cairolabels.swift in Sources */,
				5E7F39802C9235A800D7E24D /* TabViewModel.swift in Sources */,
				5E7F39A92C92456E00D7E24D /* MyProfileViewModel.swift in Sources */,
				5E7F39982C9243D500D7E24D /* MyActivityViewController.swift in Sources */,
				5E6BC0582C97A21A009BACEC /* SubServiceViewModel.swift in Sources */,
				5E6A804C2C87CEFB007C14CE /* MainCoordinator.swift in Sources */,
				5E6BC04D2C96A5AD009BACEC /* UIImageView+Extentions.swift in Sources */,
				5E7ABEA62C90E570007A0BA1 /* ApiRouter.swift in Sources */,
				5EBC2D012C93CD7F00FC233F /* ServicesCollectionViewCell.swift in Sources */,
				5E6A805B2C886420007C14CE /* UIViewController+Extentions.swift in Sources */,
				5E7ABEBB2C90F3F1007A0BA1 /* UITextField+Publisher.swift in Sources */,
				5E167ED72C85DC4F008864F6 /* LaunchScreenViewController.swift in Sources */,
				5E7ABEC82C91CB79007A0BA1 /* HomeViewController.swift in Sources */,
				5E1FA0592C8C77DF00F7314E /* UserDefaultsManager.swift in Sources */,
				5E639B292C94F78C004AD3AB /* ServiceModel.swift in Sources */,
				5E6A80682C88A0C9007C14CE /* OnBoardingScreensViewController.swift in Sources */,
				5E389AA32C8BBF45002FA5F0 /* UITextField+Extentions.swift in Sources */,
				5E7ABECD2C91CC08007A0BA1 /* HomeViewModel.swift in Sources */,
				5E167EA42C85B8E6008864F6 /* SceneDelegate.swift in Sources */,
				5EE831832C961F3400671BD7 /* GifLoader.swift in Sources */,
				5E7ABEB52C90F3F1007A0BA1 /* UIButton+Publisher.swift in Sources */,
				5EE831862C96461400671BD7 /* SubServiceModel.swift in Sources */,
				5E639B2B2C950893004AD3AB /* APIClientProtocol.swift in Sources */,
				5E8086562C99F14900E59471 /* SearchScreenReusableView.swift in Sources */,
				5EC18B722C8A780E0076FFB7 /* SliderBoardingImageCollectionViewCell.swift in Sources */,
				5E167EDB2C85EC87008864F6 /* LoadingLogo.swift in Sources */,
				5E167EDF2C85F53E008864F6 /* SelectlanguageViewController.swift in Sources */,
				5EDD8F6C2C8D6F2A0046FE19 /* SelectGenderView.swift in Sources */,
				5E639B252C944A82004AD3AB /* UnderlinedButton.swift in Sources */,
				5E6BC05C2C97A712009BACEC /* SubServiceCollectionViewCell.swift in Sources */,
				5E1FA0572C8C77A400F7314E /* UserDefaultProtocol.swift in Sources */,
				5E7ABEB72C90F3F1007A0BA1 /* UIKeyboard publisher.swift in Sources */,
				5EE8318C2C9649DB00671BD7 /* SubServiceViewController.swift in Sources */,
				5E6A80642C88849F007C14CE /* UIColor+Extention.swift in Sources */,
				5E7ABEBA2C90F3F1007A0BA1 /* UISwitch+Publisher.swift in Sources */,
				5E6A80502C8848F1007C14CE /* Coordinator.swift in Sources */,
				5E8716902C9A2CE1006E8E66 /* CustomDropDownList.swift in Sources */,
				5E389AA12C8BBD03002FA5F0 /* UIView+Extentions.swift in Sources */,
				5E7ABEC12C910B46007A0BA1 /* APIParameters.swift in Sources */,
				5E7ABEB82C90F3F1007A0BA1 /* UIScrollView+Publisher.swift in Sources */,
				5E7ABEA92C90EB25007A0BA1 /* RegisterModel.swift in Sources */,
				5EDD8F6E2C8D6F4C0046FE19 /* RadioButton.swift in Sources */,
				5EE831942C9652F000671BD7 /* SearchViewController.swift in Sources */,
				5E6A80572C88511C007C14CE /* NavigationRouter.swift in Sources */,
				5E7F39782C9224AB00D7E24D /* TabBarController.swift in Sources */,
				5E6A80612C8879F3007C14CE /* Constants.swift in Sources */,
				5E7F399B2C9243FE00D7E24D /* MyActivityViewModel.swift in Sources */,
			);
			runOnlyForDeploymentPostprocessing = 0;
		};
		5E167EB02C85B8E9008864F6 /* Sources */ = {
			isa = PBXSourcesBuildPhase;
			buildActionMask = 2147483647;
			files = (
				5E167EB92C85B8E9008864F6 /* Allo_DoctorTests.swift in Sources */,
			);
			runOnlyForDeploymentPostprocessing = 0;
		};
		5E167EBA2C85B8E9008864F6 /* Sources */ = {
			isa = PBXSourcesBuildPhase;
			buildActionMask = 2147483647;
			files = (
				5E167EC32C85B8E9008864F6 /* Allo_DoctorUITests.swift in Sources */,
				5E167EC52C85B8E9008864F6 /* Allo_DoctorUITestsLaunchTests.swift in Sources */,
			);
			runOnlyForDeploymentPostprocessing = 0;
		};
/* End PBXSourcesBuildPhase section */

/* Begin PBXTargetDependency section */
		5E167EB62C85B8E9008864F6 /* PBXTargetDependency */ = {
			isa = PBXTargetDependency;
			target = 5E167E9D2C85B8E6008864F6 /* Allo-Doctor */;
			targetProxy = 5E167EB52C85B8E9008864F6 /* PBXContainerItemProxy */;
		};
		5E167EC02C85B8E9008864F6 /* PBXTargetDependency */ = {
			isa = PBXTargetDependency;
			target = 5E167E9D2C85B8E6008864F6 /* Allo-Doctor */;
			targetProxy = 5E167EBF2C85B8E9008864F6 /* PBXContainerItemProxy */;
		};
/* End PBXTargetDependency section */

/* Begin PBXVariantGroup section */
		5E7F39AD2C9351C500D7E24D /* Cairo-SemiBold.ttf */ = {
			isa = PBXVariantGroup;
			children = (
				5E7F39AC2C9351C500D7E24D /* en */,
			);
			name = "Cairo-SemiBold.ttf";
			sourceTree = "<group>";
			usesTabs = 0;
		};
/* End PBXVariantGroup section */

/* Begin XCBuildConfiguration section */
		5E167EC62C85B8E9008864F6 /* Debug */ = {
			isa = XCBuildConfiguration;
			buildSettings = {
				ALWAYS_SEARCH_USER_PATHS = NO;
				ASSETCATALOG_COMPILER_GENERATE_SWIFT_ASSET_SYMBOL_EXTENSIONS = YES;
				CLANG_ANALYZER_NONNULL = YES;
				CLANG_ANALYZER_NUMBER_OBJECT_CONVERSION = YES_AGGRESSIVE;
				CLANG_CXX_LANGUAGE_STANDARD = "gnu++20";
				CLANG_ENABLE_MODULES = YES;
				CLANG_ENABLE_OBJC_ARC = YES;
				CLANG_ENABLE_OBJC_WEAK = YES;
				CLANG_WARN_BLOCK_CAPTURE_AUTORELEASING = YES;
				CLANG_WARN_BOOL_CONVERSION = YES;
				CLANG_WARN_COMMA = YES;
				CLANG_WARN_CONSTANT_CONVERSION = YES;
				CLANG_WARN_DEPRECATED_OBJC_IMPLEMENTATIONS = YES;
				CLANG_WARN_DIRECT_OBJC_ISA_USAGE = YES_ERROR;
				CLANG_WARN_DOCUMENTATION_COMMENTS = YES;
				CLANG_WARN_EMPTY_BODY = YES;
				CLANG_WARN_ENUM_CONVERSION = YES;
				CLANG_WARN_INFINITE_RECURSION = YES;
				CLANG_WARN_INT_CONVERSION = YES;
				CLANG_WARN_NON_LITERAL_NULL_CONVERSION = YES;
				CLANG_WARN_OBJC_IMPLICIT_RETAIN_SELF = YES;
				CLANG_WARN_OBJC_LITERAL_CONVERSION = YES;
				CLANG_WARN_OBJC_ROOT_CLASS = YES_ERROR;
				CLANG_WARN_QUOTED_INCLUDE_IN_FRAMEWORK_HEADER = YES;
				CLANG_WARN_RANGE_LOOP_ANALYSIS = YES;
				CLANG_WARN_STRICT_PROTOTYPES = YES;
				CLANG_WARN_SUSPICIOUS_MOVE = YES;
				CLANG_WARN_UNGUARDED_AVAILABILITY = YES_AGGRESSIVE;
				CLANG_WARN_UNREACHABLE_CODE = YES;
				CLANG_WARN__DUPLICATE_METHOD_MATCH = YES;
				COPY_PHASE_STRIP = NO;
				DEBUG_INFORMATION_FORMAT = dwarf;
				ENABLE_STRICT_OBJC_MSGSEND = YES;
				ENABLE_TESTABILITY = YES;
				ENABLE_USER_SCRIPT_SANDBOXING = YES;
				GCC_C_LANGUAGE_STANDARD = gnu17;
				GCC_DYNAMIC_NO_PIC = NO;
				GCC_NO_COMMON_BLOCKS = YES;
				GCC_OPTIMIZATION_LEVEL = 0;
				GCC_PREPROCESSOR_DEFINITIONS = (
					"DEBUG=1",
					"$(inherited)",
				);
				GCC_WARN_64_TO_32_BIT_CONVERSION = YES;
				GCC_WARN_ABOUT_RETURN_TYPE = YES_ERROR;
				GCC_WARN_UNDECLARED_SELECTOR = YES;
				GCC_WARN_UNINITIALIZED_AUTOS = YES_AGGRESSIVE;
				GCC_WARN_UNUSED_FUNCTION = YES;
				GCC_WARN_UNUSED_VARIABLE = YES;
				IPHONEOS_DEPLOYMENT_TARGET = 17.5;
				LOCALIZATION_PREFERS_STRING_CATALOGS = YES;
				MTL_ENABLE_DEBUG_INFO = INCLUDE_SOURCE;
				MTL_FAST_MATH = YES;
				ONLY_ACTIVE_ARCH = YES;
				SDKROOT = iphoneos;
				SWIFT_ACTIVE_COMPILATION_CONDITIONS = "DEBUG $(inherited)";
				SWIFT_OPTIMIZATION_LEVEL = "-Onone";
			};
			name = Debug;
		};
		5E167EC72C85B8E9008864F6 /* Release */ = {
			isa = XCBuildConfiguration;
			buildSettings = {
				ALWAYS_SEARCH_USER_PATHS = NO;
				ASSETCATALOG_COMPILER_GENERATE_SWIFT_ASSET_SYMBOL_EXTENSIONS = YES;
				CLANG_ANALYZER_NONNULL = YES;
				CLANG_ANALYZER_NUMBER_OBJECT_CONVERSION = YES_AGGRESSIVE;
				CLANG_CXX_LANGUAGE_STANDARD = "gnu++20";
				CLANG_ENABLE_MODULES = YES;
				CLANG_ENABLE_OBJC_ARC = YES;
				CLANG_ENABLE_OBJC_WEAK = YES;
				CLANG_WARN_BLOCK_CAPTURE_AUTORELEASING = YES;
				CLANG_WARN_BOOL_CONVERSION = YES;
				CLANG_WARN_COMMA = YES;
				CLANG_WARN_CONSTANT_CONVERSION = YES;
				CLANG_WARN_DEPRECATED_OBJC_IMPLEMENTATIONS = YES;
				CLANG_WARN_DIRECT_OBJC_ISA_USAGE = YES_ERROR;
				CLANG_WARN_DOCUMENTATION_COMMENTS = YES;
				CLANG_WARN_EMPTY_BODY = YES;
				CLANG_WARN_ENUM_CONVERSION = YES;
				CLANG_WARN_INFINITE_RECURSION = YES;
				CLANG_WARN_INT_CONVERSION = YES;
				CLANG_WARN_NON_LITERAL_NULL_CONVERSION = YES;
				CLANG_WARN_OBJC_IMPLICIT_RETAIN_SELF = YES;
				CLANG_WARN_OBJC_LITERAL_CONVERSION = YES;
				CLANG_WARN_OBJC_ROOT_CLASS = YES_ERROR;
				CLANG_WARN_QUOTED_INCLUDE_IN_FRAMEWORK_HEADER = YES;
				CLANG_WARN_RANGE_LOOP_ANALYSIS = YES;
				CLANG_WARN_STRICT_PROTOTYPES = YES;
				CLANG_WARN_SUSPICIOUS_MOVE = YES;
				CLANG_WARN_UNGUARDED_AVAILABILITY = YES_AGGRESSIVE;
				CLANG_WARN_UNREACHABLE_CODE = YES;
				CLANG_WARN__DUPLICATE_METHOD_MATCH = YES;
				COPY_PHASE_STRIP = NO;
				DEBUG_INFORMATION_FORMAT = "dwarf-with-dsym";
				ENABLE_NS_ASSERTIONS = NO;
				ENABLE_STRICT_OBJC_MSGSEND = YES;
				ENABLE_USER_SCRIPT_SANDBOXING = YES;
				GCC_C_LANGUAGE_STANDARD = gnu17;
				GCC_NO_COMMON_BLOCKS = YES;
				GCC_WARN_64_TO_32_BIT_CONVERSION = YES;
				GCC_WARN_ABOUT_RETURN_TYPE = YES_ERROR;
				GCC_WARN_UNDECLARED_SELECTOR = YES;
				GCC_WARN_UNINITIALIZED_AUTOS = YES_AGGRESSIVE;
				GCC_WARN_UNUSED_FUNCTION = YES;
				GCC_WARN_UNUSED_VARIABLE = YES;
				IPHONEOS_DEPLOYMENT_TARGET = 17.5;
				LOCALIZATION_PREFERS_STRING_CATALOGS = YES;
				MTL_ENABLE_DEBUG_INFO = NO;
				MTL_FAST_MATH = YES;
				SDKROOT = iphoneos;
				SWIFT_COMPILATION_MODE = wholemodule;
				VALIDATE_PRODUCT = YES;
			};
			name = Release;
		};
		5E167EC92C85B8E9008864F6 /* Debug */ = {
			isa = XCBuildConfiguration;
			buildSettings = {
				ASSETCATALOG_COMPILER_APPICON_NAME = AppIcon;
				ASSETCATALOG_COMPILER_GLOBAL_ACCENT_COLOR_NAME = AccentColor;
				CODE_SIGN_IDENTITY = "Apple Development";
				"CODE_SIGN_IDENTITY[sdk=iphoneos*]" = "iPhone Developer";
				CODE_SIGN_STYLE = Manual;
				CURRENT_PROJECT_VERSION = 1;
				DEVELOPMENT_TEAM = "";
				"DEVELOPMENT_TEAM[sdk=iphoneos*]" = P5GJ5H8EL5;
				GENERATE_INFOPLIST_FILE = YES;
				INFOPLIST_FILE = "Allo-Doctor/Info.plist";
				INFOPLIST_KEY_UIApplicationSupportsIndirectInputEvents = YES;
				INFOPLIST_KEY_UILaunchStoryboardName = "";
				INFOPLIST_KEY_UIMainStoryboardFile = "";
				INFOPLIST_KEY_UISupportedInterfaceOrientations_iPad = "UIInterfaceOrientationPortrait UIInterfaceOrientationPortraitUpsideDown UIInterfaceOrientationLandscapeLeft UIInterfaceOrientationLandscapeRight";
				INFOPLIST_KEY_UISupportedInterfaceOrientations_iPhone = "UIInterfaceOrientationPortrait UIInterfaceOrientationLandscapeLeft UIInterfaceOrientationLandscapeRight";
				IPHONEOS_DEPLOYMENT_TARGET = 14.0;
				LD_RUNPATH_SEARCH_PATHS = (
					"$(inherited)",
					"@executable_path/Frameworks",
				);
				MARKETING_VERSION = 1.0;
				PRODUCT_BUNDLE_IDENTIFIER = com.DevelopNetwork.AlloDoctor;
				PRODUCT_NAME = "$(TARGET_NAME)";
				PROVISIONING_PROFILE_SPECIFIER = "";
				"PROVISIONING_PROFILE_SPECIFIER[sdk=iphoneos*]" = "AlloDoctor Development Profile";
				SWIFT_EMIT_LOC_STRINGS = YES;
				SWIFT_VERSION = 5.0;
				TARGETED_DEVICE_FAMILY = "1,2";
			};
			name = Debug;
		};
		5E167ECA2C85B8E9008864F6 /* Release */ = {
			isa = XCBuildConfiguration;
			buildSettings = {
				ASSETCATALOG_COMPILER_APPICON_NAME = AppIcon;
				ASSETCATALOG_COMPILER_GLOBAL_ACCENT_COLOR_NAME = AccentColor;
				CODE_SIGN_IDENTITY = "Apple Development";
				"CODE_SIGN_IDENTITY[sdk=iphoneos*]" = "iPhone Developer";
				CODE_SIGN_STYLE = Manual;
				CURRENT_PROJECT_VERSION = 1;
				DEVELOPMENT_TEAM = "";
				"DEVELOPMENT_TEAM[sdk=iphoneos*]" = P5GJ5H8EL5;
				GENERATE_INFOPLIST_FILE = YES;
				INFOPLIST_FILE = "Allo-Doctor/Info.plist";
				INFOPLIST_KEY_UIApplicationSupportsIndirectInputEvents = YES;
				INFOPLIST_KEY_UILaunchStoryboardName = "";
				INFOPLIST_KEY_UIMainStoryboardFile = "";
				INFOPLIST_KEY_UISupportedInterfaceOrientations_iPad = "UIInterfaceOrientationPortrait UIInterfaceOrientationPortraitUpsideDown UIInterfaceOrientationLandscapeLeft UIInterfaceOrientationLandscapeRight";
				INFOPLIST_KEY_UISupportedInterfaceOrientations_iPhone = "UIInterfaceOrientationPortrait UIInterfaceOrientationLandscapeLeft UIInterfaceOrientationLandscapeRight";
				IPHONEOS_DEPLOYMENT_TARGET = 14.0;
				LD_RUNPATH_SEARCH_PATHS = (
					"$(inherited)",
					"@executable_path/Frameworks",
				);
				MARKETING_VERSION = 1.0;
				PRODUCT_BUNDLE_IDENTIFIER = com.DevelopNetwork.AlloDoctor;
				PRODUCT_NAME = "$(TARGET_NAME)";
				PROVISIONING_PROFILE_SPECIFIER = "";
				"PROVISIONING_PROFILE_SPECIFIER[sdk=iphoneos*]" = "AlloDoctor Development Profile";
				SWIFT_EMIT_LOC_STRINGS = YES;
				SWIFT_VERSION = 5.0;
				TARGETED_DEVICE_FAMILY = "1,2";
			};
			name = Release;
		};
		5E167ECC2C85B8E9008864F6 /* Debug */ = {
			isa = XCBuildConfiguration;
			buildSettings = {
				ALWAYS_EMBED_SWIFT_STANDARD_LIBRARIES = YES;
				BUNDLE_LOADER = "$(TEST_HOST)";
				CODE_SIGN_STYLE = Automatic;
				CURRENT_PROJECT_VERSION = 1;
				DEVELOPMENT_TEAM = 6J838BNTZW;
				GENERATE_INFOPLIST_FILE = YES;
				IPHONEOS_DEPLOYMENT_TARGET = 17.5;
				MARKETING_VERSION = 1.0;
				PRODUCT_BUNDLE_IDENTIFIER = "com.DevelopNetwork.AlloDoctor.Allo-DoctorTests";
				PRODUCT_NAME = "$(TARGET_NAME)";
				SWIFT_EMIT_LOC_STRINGS = NO;
				SWIFT_VERSION = 5.0;
				TARGETED_DEVICE_FAMILY = "1,2";
				TEST_HOST = "$(BUILT_PRODUCTS_DIR)/Allo-Doctor.app/$(BUNDLE_EXECUTABLE_FOLDER_PATH)/Allo-Doctor";
			};
			name = Debug;
		};
		5E167ECD2C85B8E9008864F6 /* Release */ = {
			isa = XCBuildConfiguration;
			buildSettings = {
				ALWAYS_EMBED_SWIFT_STANDARD_LIBRARIES = YES;
				BUNDLE_LOADER = "$(TEST_HOST)";
				CODE_SIGN_STYLE = Automatic;
				CURRENT_PROJECT_VERSION = 1;
				DEVELOPMENT_TEAM = 6J838BNTZW;
				GENERATE_INFOPLIST_FILE = YES;
				IPHONEOS_DEPLOYMENT_TARGET = 17.5;
				MARKETING_VERSION = 1.0;
				PRODUCT_BUNDLE_IDENTIFIER = "com.DevelopNetwork.AlloDoctor.Allo-DoctorTests";
				PRODUCT_NAME = "$(TARGET_NAME)";
				SWIFT_EMIT_LOC_STRINGS = NO;
				SWIFT_VERSION = 5.0;
				TARGETED_DEVICE_FAMILY = "1,2";
				TEST_HOST = "$(BUILT_PRODUCTS_DIR)/Allo-Doctor.app/$(BUNDLE_EXECUTABLE_FOLDER_PATH)/Allo-Doctor";
			};
			name = Release;
		};
		5E167ECF2C85B8E9008864F6 /* Debug */ = {
			isa = XCBuildConfiguration;
			buildSettings = {
				ALWAYS_EMBED_SWIFT_STANDARD_LIBRARIES = YES;
				CODE_SIGN_STYLE = Automatic;
				CURRENT_PROJECT_VERSION = 1;
				DEVELOPMENT_TEAM = 6J838BNTZW;
				GENERATE_INFOPLIST_FILE = YES;
				MARKETING_VERSION = 1.0;
				PRODUCT_BUNDLE_IDENTIFIER = "com.DevelopNetwork.AlloDoctor.Allo-DoctorUITests";
				PRODUCT_NAME = "$(TARGET_NAME)";
				SWIFT_EMIT_LOC_STRINGS = NO;
				SWIFT_VERSION = 5.0;
				TARGETED_DEVICE_FAMILY = "1,2";
				TEST_TARGET_NAME = "Allo-Doctor";
			};
			name = Debug;
		};
		5E167ED02C85B8E9008864F6 /* Release */ = {
			isa = XCBuildConfiguration;
			buildSettings = {
				ALWAYS_EMBED_SWIFT_STANDARD_LIBRARIES = YES;
				CODE_SIGN_STYLE = Automatic;
				CURRENT_PROJECT_VERSION = 1;
				DEVELOPMENT_TEAM = 6J838BNTZW;
				GENERATE_INFOPLIST_FILE = YES;
				MARKETING_VERSION = 1.0;
				PRODUCT_BUNDLE_IDENTIFIER = "com.DevelopNetwork.AlloDoctor.Allo-DoctorUITests";
				PRODUCT_NAME = "$(TARGET_NAME)";
				SWIFT_EMIT_LOC_STRINGS = NO;
				SWIFT_VERSION = 5.0;
				TARGETED_DEVICE_FAMILY = "1,2";
				TEST_TARGET_NAME = "Allo-Doctor";
			};
			name = Release;
		};
/* End XCBuildConfiguration section */

/* Begin XCConfigurationList section */
		5E167E992C85B8E6008864F6 /* Build configuration list for PBXProject "Allo-Doctor" */ = {
			isa = XCConfigurationList;
			buildConfigurations = (
				5E167EC62C85B8E9008864F6 /* Debug */,
				5E167EC72C85B8E9008864F6 /* Release */,
			);
			defaultConfigurationIsVisible = 0;
			defaultConfigurationName = Release;
		};
		5E167EC82C85B8E9008864F6 /* Build configuration list for PBXNativeTarget "Allo-Doctor" */ = {
			isa = XCConfigurationList;
			buildConfigurations = (
				5E167EC92C85B8E9008864F6 /* Debug */,
				5E167ECA2C85B8E9008864F6 /* Release */,
			);
			defaultConfigurationIsVisible = 0;
			defaultConfigurationName = Release;
		};
		5E167ECB2C85B8E9008864F6 /* Build configuration list for PBXNativeTarget "Allo-DoctorTests" */ = {
			isa = XCConfigurationList;
			buildConfigurations = (
				5E167ECC2C85B8E9008864F6 /* Debug */,
				5E167ECD2C85B8E9008864F6 /* Release */,
			);
			defaultConfigurationIsVisible = 0;
			defaultConfigurationName = Release;
		};
		5E167ECE2C85B8E9008864F6 /* Build configuration list for PBXNativeTarget "Allo-DoctorUITests" */ = {
			isa = XCConfigurationList;
			buildConfigurations = (
				5E167ECF2C85B8E9008864F6 /* Debug */,
				5E167ED02C85B8E9008864F6 /* Release */,
			);
			defaultConfigurationIsVisible = 0;
			defaultConfigurationName = Release;
		};
/* End XCConfigurationList section */

/* Begin XCRemoteSwiftPackageReference section */
		5E6AFB062C9A5BBA00252EA9 /* XCRemoteSwiftPackageReference "Reachability" */ = {
			isa = XCRemoteSwiftPackageReference;
			repositoryURL = "https://github.com/ashleymills/Reachability.swift";
			requirement = {
				branch = master;
				kind = branch;
			};
		};
/* End XCRemoteSwiftPackageReference section */

/* Begin XCSwiftPackageProductDependency section */
		5E6AFB072C9A5BE100252EA9 /* Reachability */ = {
			isa = XCSwiftPackageProductDependency;
			package = 5E6AFB062C9A5BBA00252EA9 /* XCRemoteSwiftPackageReference "Reachability" */;
			productName = Reachability;
		};
/* End XCSwiftPackageProductDependency section */
	};
	rootObject = 5E167E962C85B8E6008864F6 /* Project object */;
}
